{
  "pins" : [
    {
      "identity" : "snapkit",
      "kind" : "remoteSourceControl",
      "location" : "https://github.com/SnapKit/SnapKit.git",
      "state" : {
        "revision" : "f222cbdf325885926566172f6f5f06af95473158",
        "version" : "5.6.0"
      }
    },
    {
      "identity" : "swift-snapshot-testing",
      "kind" : "remoteSourceControl",
      "location" : "https://github.com/pointfreeco/swift-snapshot-testing.git",
      "state" : {
        "revision" : "cef5b3f6f11781dd4591bdd1dd0a3d22bd609334",
        "version" : "1.11.0"
      }
    },
    {
      "identity" : "swiftformat",
      "kind" : "remoteSourceControl",
      "location" : "https://github.com/nicklockwood/SwiftFormat",
      "state" : {
        "revision" : "d98aa3f098f38e93324cfda8ee909581cf3d791d",
        "version" : "0.51.8"
      }
    },
    {
      "identity" : "swiftlintplugin",
      "kind" : "remoteSourceControl",
      "location" : "https://github.com/lukepistrol/SwiftLintPlugin",
      "state" : {
        "revision" : "d3ec7fb242ebe1d8e23bf17e58a1e27d43125994",
        "version" : "0.2.6"
      }
    },
    {
      "identity" : "thumbprint-tokens",
      "kind" : "remoteSourceControl",
      "location" : "https://github.com/thumbtack/thumbprint-tokens.git",
      "state" : {
        "revision" : "a91f2295af6fe22bba47807ec384c241aa734985",
        "version" : "13.0.1"
      }
    },
    {
      "identity" : "ttcalendarpicker",
      "kind" : "remoteSourceControl",
      "location" : "https://github.com/thumbtack/TTCalendarPicker.git",
      "state" : {
        "revision" : "753d5327ae08e50d94cb79e037cf6166f4a61c2f",
        "version" : "0.2.0"
      }
    }
  ],
  "version" : 2
}
