PODS:
  - SnapKit (5.0.1)
  - SnapshotTesting (1.8.2)
  - SwiftFormat/CLI (0.48.11)
  - SwiftLint (0.43.1)
  - ThumbprintTokens (12.1.1)
  - TTCalendarPicker (0.1.7):
    - SnapKit

DEPENDENCIES:
  - SnapKit (~> 5.0)
  - SnapshotTesting
  - SwiftFormat/CLI
  - SwiftLint
  - ThumbprintTokens (~> 12.1.0)
  - TTCalendarPicker

SPEC REPOS:
  https://github.com/CocoaPods/Specs.git:
    - SnapKit
    - SnapshotTesting
    - ThumbprintTokens
    - TTCalendarPicker
  trunk:
    - SwiftFormat
    - SwiftLint

SPEC CHECKSUMS:
  SnapKit: 97b92857e3df3a0c71833cce143274bf6ef8e5eb
  SnapshotTesting: 38947050d13960d57a4a9c166fcf51bca7d56970
  SwiftFormat: 938e5865a118c49d63c7a290ddad86335f9e585f
  SwiftLint: 99f82d07b837b942dd563c668de129a03fc3fb52
  ThumbprintTokens: cfb6b1a3bff5079010ea9b875f558d0016579209
  TTCalendarPicker: 41a4cecbc0be87bcc2aff2740c6cb835a1c26a90

PODFILE CHECKSUM: 0122317111feb348a7e6f168a939d3f6a5787e01

COCOAPODS: 1.11.3
