PODS:
  - RxCocoa (6.2.0):
    - RxRelay (= 6.2.0)
    - RxSwift (= 6.2.0)
  - RxGesture (4.0.2):
    - RxCocoa (~> 6.0)
    - RxSwift (~> 6.0)
  - RxRelay (6.2.0):
    - RxSwift (= 6.2.0)
  - RxSwift (6.2.0)
  - SnapKit (5.0.1)
  - SnapshotTesting (1.8.2)
  - SwiftFormat/CLI (0.47.13)
  - SwiftLint (0.43.1)
  - ThumbprintTokens (12.1.1)
  - TTCalendarPicker (0.1.7):
    - SnapKit

DEPENDENCIES:
  - RxCocoa
  - RxGesture
  - RxSwift
  - SnapKit (~> 5.0)
  - SnapshotTesting
  - SwiftFormat/CLI
  - SwiftLint
  - ThumbprintTokens (~> 12.1.0)
  - TTCalendarPicker

SPEC REPOS:
  https://github.com/CocoaPods/Specs.git:
    - SnapKit
    - SnapshotTesting
    - ThumbprintTokens
    - TTCalendarPicker
  trunk:
    - RxCocoa
    - RxGesture
    - RxRelay
    - RxSwift
    - SwiftFormat
    - SwiftLint

SPEC CHECKSUMS:
  RxCocoa: 4baf94bb35f2c0ab31bc0cb9f1900155f646ba42
  RxGesture: f059f2aeef966fb17dad56ee440e76410f10e55f
  RxRelay: e72dbfd157807478401ef1982e1c61c945c94b2f
  RxSwift: d356ab7bee873611322f134c5f9ef379fa183d8f
  SnapKit: 97b92857e3df3a0c71833cce143274bf6ef8e5eb
  SnapshotTesting: 38947050d13960d57a4a9c166fcf51bca7d56970
  SwiftFormat: 73573b89257437c550b03d934889725fbf8f75e5
  SwiftLint: 99f82d07b837b942dd563c668de129a03fc3fb52
  ThumbprintTokens: cfb6b1a3bff5079010ea9b875f558d0016579209
  TTCalendarPicker: 41a4cecbc0be87bcc2aff2740c6cb835a1c26a90

PODFILE CHECKSUM: 598aeb680e77572dead762a4c4935353db04d1a7

COCOAPODS: 1.9.1
