PODS:
  - SwiftFormat/CLI (0.48.11)
  - SwiftLint (0.43.1)
  - ThumbprintTokens (12.1.1)

DEPENDENCIES:
  - SwiftFormat/CLI
  - SwiftLint
  - ThumbprintTokens (~> 12.1.0)

SPEC REPOS:
  trunk:
    - SwiftFormat
    - SwiftLint
    - ThumbprintTokens

SPEC CHECKSUMS:
  SwiftFormat: 938e5865a118c49d63c7a290ddad86335f9e585f
  SwiftLint: 99f82d07b837b942dd563c668de129a03fc3fb52
  ThumbprintTokens: cfb6b1a3bff5079010ea9b875f558d0016579209

PODFILE CHECKSUM: 584e18000655666af923366ca43d81dea9891537

COCOAPODS: 1.11.3
