// !$*UTF8*$!
{
	archiveVersion = 1;
	classes = {
	};
	objectVersion = 50;
	objects = {

/* Begin PBXBuildFile section */
		080E7C5725F48A0E002DBE7B /* Thumbprint.framework in Frameworks */ = {isa = PBXBuildFile; fileRef = 080E7C4D25F48A0E002DBE7B /* Thumbprint.framework */; };
		080E7C5C25F48A0E002DBE7B /* ThumbprintTests.swift in Sources */ = {isa = PBXBuildFile; fileRef = 080E7C5B25F48A0E002DBE7B /* ThumbprintTests.swift */; };
		080E7C5E25F48A0E002DBE7B /* Thumbprint.h in Headers */ = {isa = PBXBuildFile; fileRef = 080E7C5025F48A0E002DBE7B /* Thumbprint.h */; settings = {ATTRIBUTES = (Public, ); }; };
		080E7D5325F49151002DBE7B /* Test.swift in Sources */ = {isa = PBXBuildFile; fileRef = 080E7D5225F49151002DBE7B /* Test.swift */; };
		4678E4CB82928A0C5EB4B4B7 /* libPods-Thumbprint-ThumbprintTests.a in Frameworks */ = {isa = PBXBuildFile; fileRef = 9B298CCED6EE0AB57844FB1E /* libPods-Thumbprint-ThumbprintTests.a */; };
		593316EA04DD84CA7352FF63 /* libPods-Thumbprint.a in Frameworks */ = {isa = PBXBuildFile; fileRef = BE5FFF342BAD4F9859193E60 /* libPods-Thumbprint.a */; };
/* End PBXBuildFile section */

/* Begin PBXContainerItemProxy section */
		080E7C5825F48A0E002DBE7B /* PBXContainerItemProxy */ = {
			isa = PBXContainerItemProxy;
			containerPortal = 080E7C4425F48A0E002DBE7B /* Project object */;
			proxyType = 1;
			remoteGlobalIDString = 080E7C4C25F48A0E002DBE7B;
			remoteInfo = Thumbprint;
		};
/* End PBXContainerItemProxy section */

/* Begin PBXFileReference section */
		00C3F377171BE2A48DFE30F7 /* Pods-Thumbprint-ThumbprintTests.release.xcconfig */ = {isa = PBXFileReference; includeInIndex = 1; lastKnownFileType = text.xcconfig; name = "Pods-Thumbprint-ThumbprintTests.release.xcconfig"; path = "Target Support Files/Pods-Thumbprint-ThumbprintTests/Pods-Thumbprint-ThumbprintTests.release.xcconfig"; sourceTree = "<group>"; };
		080E7C4D25F48A0E002DBE7B /* Thumbprint.framework */ = {isa = PBXFileReference; explicitFileType = wrapper.framework; includeInIndex = 0; path = Thumbprint.framework; sourceTree = BUILT_PRODUCTS_DIR; };
		080E7C5025F48A0E002DBE7B /* Thumbprint.h */ = {isa = PBXFileReference; lastKnownFileType = sourcecode.c.h; path = Thumbprint.h; sourceTree = "<group>"; };
		080E7C5125F48A0E002DBE7B /* Info.plist */ = {isa = PBXFileReference; lastKnownFileType = text.plist.xml; path = Info.plist; sourceTree = "<group>"; };
		080E7C5625F48A0E002DBE7B /* ThumbprintTests.xctest */ = {isa = PBXFileReference; explicitFileType = wrapper.cfbundle; includeInIndex = 0; path = ThumbprintTests.xctest; sourceTree = BUILT_PRODUCTS_DIR; };
		080E7C5B25F48A0E002DBE7B /* ThumbprintTests.swift */ = {isa = PBXFileReference; lastKnownFileType = sourcecode.swift; path = ThumbprintTests.swift; sourceTree = "<group>"; };
		080E7C5D25F48A0E002DBE7B /* Info.plist */ = {isa = PBXFileReference; lastKnownFileType = text.plist.xml; path = Info.plist; sourceTree = "<group>"; };
		080E7D3E25F49024002DBE7B /* Thumbprint-Release.xcconfig */ = {isa = PBXFileReference; lastKnownFileType = text.xcconfig; path = "Thumbprint-Release.xcconfig"; sourceTree = "<group>"; };
		080E7D3F25F49024002DBE7B /* Thumbprint-Debug.xcconfig */ = {isa = PBXFileReference; lastKnownFileType = text.xcconfig; path = "Thumbprint-Debug.xcconfig"; sourceTree = "<group>"; };
		080E7D5225F49151002DBE7B /* Test.swift */ = {isa = PBXFileReference; lastKnownFileType = sourcecode.swift; path = Test.swift; sourceTree = "<group>"; };
		080E7D5825F491F8002DBE7B /* ThumbprintTests-Debug.xcconfig */ = {isa = PBXFileReference; lastKnownFileType = text.xcconfig; path = "ThumbprintTests-Debug.xcconfig"; sourceTree = "<group>"; };
		08C81A2E25F578CC0082FD2D /* ThumbprintTests-Release.xcconfig */ = {isa = PBXFileReference; lastKnownFileType = text.xcconfig; path = "ThumbprintTests-Release.xcconfig"; sourceTree = "<group>"; };
		70062AC702F206E990C19393 /* Pods-Thumbprint.debug.xcconfig */ = {isa = PBXFileReference; includeInIndex = 1; lastKnownFileType = text.xcconfig; name = "Pods-Thumbprint.debug.xcconfig"; path = "Target Support Files/Pods-Thumbprint/Pods-Thumbprint.debug.xcconfig"; sourceTree = "<group>"; };
		8D662BAB622080BBA7DEF81C /* Pods-Thumbprint.release.xcconfig */ = {isa = PBXFileReference; includeInIndex = 1; lastKnownFileType = text.xcconfig; name = "Pods-Thumbprint.release.xcconfig"; path = "Target Support Files/Pods-Thumbprint/Pods-Thumbprint.release.xcconfig"; sourceTree = "<group>"; };
		9B298CCED6EE0AB57844FB1E /* libPods-Thumbprint-ThumbprintTests.a */ = {isa = PBXFileReference; explicitFileType = archive.ar; includeInIndex = 0; path = "libPods-Thumbprint-ThumbprintTests.a"; sourceTree = BUILT_PRODUCTS_DIR; };
		A2175C62B713757E7383FC36 /* Pods-Thumbprint-ThumbprintTests.debug.xcconfig */ = {isa = PBXFileReference; includeInIndex = 1; lastKnownFileType = text.xcconfig; name = "Pods-Thumbprint-ThumbprintTests.debug.xcconfig"; path = "Target Support Files/Pods-Thumbprint-ThumbprintTests/Pods-Thumbprint-ThumbprintTests.debug.xcconfig"; sourceTree = "<group>"; };
		BE5FFF342BAD4F9859193E60 /* libPods-Thumbprint.a */ = {isa = PBXFileReference; explicitFileType = archive.ar; includeInIndex = 0; path = "libPods-Thumbprint.a"; sourceTree = BUILT_PRODUCTS_DIR; };
/* End PBXFileReference section */

/* Begin PBXFrameworksBuildPhase section */
		080E7C4A25F48A0E002DBE7B /* Frameworks */ = {
			isa = PBXFrameworksBuildPhase;
			buildActionMask = 2147483647;
			files = (
				593316EA04DD84CA7352FF63 /* libPods-Thumbprint.a in Frameworks */,
			);
			runOnlyForDeploymentPostprocessing = 0;
		};
		080E7C5325F48A0E002DBE7B /* Frameworks */ = {
			isa = PBXFrameworksBuildPhase;
			buildActionMask = 2147483647;
			files = (
				080E7C5725F48A0E002DBE7B /* Thumbprint.framework in Frameworks */,
				4678E4CB82928A0C5EB4B4B7 /* libPods-Thumbprint-ThumbprintTests.a in Frameworks */,
			);
			runOnlyForDeploymentPostprocessing = 0;
		};
/* End PBXFrameworksBuildPhase section */

/* Begin PBXGroup section */
		080E7C4325F48A0E002DBE7B = {
			isa = PBXGroup;
			children = (
				080E7C4F25F48A0E002DBE7B /* Classes */,
				080E7C5A25F48A0E002DBE7B /* Tests */,
				080E7D3D25F49024002DBE7B /* Xcconfig */,
				080E7C4E25F48A0E002DBE7B /* Products */,
				F2F93856635967702332DDF5 /* Pods */,
				907AF1253CE727D385CC6A5D /* Frameworks */,
			);
			sourceTree = "<group>";
		};
		080E7C4E25F48A0E002DBE7B /* Products */ = {
			isa = PBXGroup;
			children = (
				080E7C4D25F48A0E002DBE7B /* Thumbprint.framework */,
				080E7C5625F48A0E002DBE7B /* ThumbprintTests.xctest */,
			);
			name = Products;
			sourceTree = "<group>";
		};
		080E7C4F25F48A0E002DBE7B /* Classes */ = {
			isa = PBXGroup;
			children = (
				080E7D4A25F490DC002DBE7B /* Supporting Files */,
				080E7D5225F49151002DBE7B /* Test.swift */,
			);
			path = Classes;
			sourceTree = "<group>";
		};
		080E7C5A25F48A0E002DBE7B /* Tests */ = {
			isa = PBXGroup;
			children = (
				080E7D4D25F490FE002DBE7B /* Supporting Files */,
				080E7C5B25F48A0E002DBE7B /* ThumbprintTests.swift */,
			);
			path = Tests;
			sourceTree = "<group>";
		};
		080E7D3D25F49024002DBE7B /* Xcconfig */ = {
			isa = PBXGroup;
			children = (
				080E7D3E25F49024002DBE7B /* Thumbprint-Release.xcconfig */,
				080E7D3F25F49024002DBE7B /* Thumbprint-Debug.xcconfig */,
				080E7D5825F491F8002DBE7B /* ThumbprintTests-Debug.xcconfig */,
				08C81A2E25F578CC0082FD2D /* ThumbprintTests-Release.xcconfig */,
			);
			path = Xcconfig;
			sourceTree = "<group>";
		};
		080E7D4A25F490DC002DBE7B /* Supporting Files */ = {
			isa = PBXGroup;
			children = (
				080E7C5025F48A0E002DBE7B /* Thumbprint.h */,
				080E7C5125F48A0E002DBE7B /* Info.plist */,
			);
			path = "Supporting Files";
			sourceTree = "<group>";
		};
		080E7D4D25F490FE002DBE7B /* Supporting Files */ = {
			isa = PBXGroup;
			children = (
				080E7C5D25F48A0E002DBE7B /* Info.plist */,
			);
			path = "Supporting Files";
			sourceTree = "<group>";
		};
		907AF1253CE727D385CC6A5D /* Frameworks */ = {
			isa = PBXGroup;
			children = (
				BE5FFF342BAD4F9859193E60 /* libPods-Thumbprint.a */,
				9B298CCED6EE0AB57844FB1E /* libPods-Thumbprint-ThumbprintTests.a */,
			);
			name = Frameworks;
			sourceTree = "<group>";
		};
		F2F93856635967702332DDF5 /* Pods */ = {
			isa = PBXGroup;
			children = (
				70062AC702F206E990C19393 /* Pods-Thumbprint.debug.xcconfig */,
				8D662BAB622080BBA7DEF81C /* Pods-Thumbprint.release.xcconfig */,
				A2175C62B713757E7383FC36 /* Pods-Thumbprint-ThumbprintTests.debug.xcconfig */,
				00C3F377171BE2A48DFE30F7 /* Pods-Thumbprint-ThumbprintTests.release.xcconfig */,
			);
			name = Pods;
			path = ../Pods;
			sourceTree = "<group>";
		};
/* End PBXGroup section */

/* Begin PBXHeadersBuildPhase section */
		080E7C4825F48A0E002DBE7B /* Headers */ = {
			isa = PBXHeadersBuildPhase;
			buildActionMask = 2147483647;
			files = (
				080E7C5E25F48A0E002DBE7B /* Thumbprint.h in Headers */,
			);
			runOnlyForDeploymentPostprocessing = 0;
		};
/* End PBXHeadersBuildPhase section */

/* Begin PBXNativeTarget section */
		080E7C4C25F48A0E002DBE7B /* Thumbprint */ = {
			isa = PBXNativeTarget;
			buildConfigurationList = 080E7C6125F48A0E002DBE7B /* Build configuration list for PBXNativeTarget "Thumbprint" */;
			buildPhases = (
				13A2ECEA666C98F86E1561B4 /* [CP] Check Pods Manifest.lock */,
				080E7C4825F48A0E002DBE7B /* Headers */,
				080E7C4925F48A0E002DBE7B /* Sources */,
				080E7C4A25F48A0E002DBE7B /* Frameworks */,
				080E7C4B25F48A0E002DBE7B /* Resources */,
			);
			buildRules = (
			);
			dependencies = (
			);
			name = Thumbprint;
			productName = Thumbprint;
			productReference = 080E7C4D25F48A0E002DBE7B /* Thumbprint.framework */;
			productType = "com.apple.product-type.framework";
		};
		080E7C5525F48A0E002DBE7B /* ThumbprintTests */ = {
			isa = PBXNativeTarget;
			buildConfigurationList = 080E7C6425F48A0E002DBE7B /* Build configuration list for PBXNativeTarget "ThumbprintTests" */;
			buildPhases = (
				26B06F717FB0349032FA3C6A /* [CP] Check Pods Manifest.lock */,
				080E7C5225F48A0E002DBE7B /* Sources */,
				080E7C5325F48A0E002DBE7B /* Frameworks */,
				080E7C5425F48A0E002DBE7B /* Resources */,
			);
			buildRules = (
			);
			dependencies = (
				080E7C5925F48A0E002DBE7B /* PBXTargetDependency */,
			);
			name = ThumbprintTests;
			productName = ThumbprintTests;
			productReference = 080E7C5625F48A0E002DBE7B /* ThumbprintTests.xctest */;
			productType = "com.apple.product-type.bundle.unit-test";
		};
/* End PBXNativeTarget section */

/* Begin PBXProject section */
		080E7C4425F48A0E002DBE7B /* Project object */ = {
			isa = PBXProject;
			attributes = {
				LastSwiftUpdateCheck = 1240;
				LastUpgradeCheck = 1240;
				TargetAttributes = {
					080E7C4C25F48A0E002DBE7B = {
						CreatedOnToolsVersion = 12.4;
						LastSwiftMigration = 1240;
					};
					080E7C5525F48A0E002DBE7B = {
						CreatedOnToolsVersion = 12.4;
					};
				};
			};
			buildConfigurationList = 080E7C4725F48A0E002DBE7B /* Build configuration list for PBXProject "Thumbprint" */;
			compatibilityVersion = "Xcode 9.3";
			developmentRegion = en;
			hasScannedForEncodings = 0;
			knownRegions = (
				en,
				Base,
			);
			mainGroup = 080E7C4325F48A0E002DBE7B;
			productRefGroup = 080E7C4E25F48A0E002DBE7B /* Products */;
			projectDirPath = "";
			projectRoot = "";
			targets = (
				080E7C4C25F48A0E002DBE7B /* Thumbprint */,
				080E7C5525F48A0E002DBE7B /* ThumbprintTests */,
			);
		};
/* End PBXProject section */

/* Begin PBXResourcesBuildPhase section */
		080E7C4B25F48A0E002DBE7B /* Resources */ = {
			isa = PBXResourcesBuildPhase;
			buildActionMask = 2147483647;
			files = (
			);
			runOnlyForDeploymentPostprocessing = 0;
		};
		080E7C5425F48A0E002DBE7B /* Resources */ = {
			isa = PBXResourcesBuildPhase;
			buildActionMask = 2147483647;
			files = (
			);
			runOnlyForDeploymentPostprocessing = 0;
		};
/* End PBXResourcesBuildPhase section */

/* Begin PBXShellScriptBuildPhase section */
		13A2ECEA666C98F86E1561B4 /* [CP] Check Pods Manifest.lock */ = {
			isa = PBXShellScriptBuildPhase;
			buildActionMask = 2147483647;
			files = (
			);
			inputFileListPaths = (
			);
			inputPaths = (
				"${PODS_PODFILE_DIR_PATH}/Podfile.lock",
				"${PODS_ROOT}/Manifest.lock",
			);
			name = "[CP] Check Pods Manifest.lock";
			outputFileListPaths = (
			);
			outputPaths = (
				"$(DERIVED_FILE_DIR)/Pods-Thumbprint-checkManifestLockResult.txt",
			);
			runOnlyForDeploymentPostprocessing = 0;
			shellPath = /bin/sh;
			shellScript = "diff \"${PODS_PODFILE_DIR_PATH}/Podfile.lock\" \"${PODS_ROOT}/Manifest.lock\" > /dev/null\nif [ $? != 0 ] ; then\n    # print error to STDERR\n    echo \"error: The sandbox is not in sync with the Podfile.lock. Run 'pod install' or update your CocoaPods installation.\" >&2\n    exit 1\nfi\n# This output is used by Xcode 'outputs' to avoid re-running this script phase.\necho \"SUCCESS\" > \"${SCRIPT_OUTPUT_FILE_0}\"\n";
			showEnvVarsInLog = 0;
		};
		26B06F717FB0349032FA3C6A /* [CP] Check Pods Manifest.lock */ = {
			isa = PBXShellScriptBuildPhase;
			buildActionMask = 2147483647;
			files = (
			);
			inputFileListPaths = (
			);
			inputPaths = (
				"${PODS_PODFILE_DIR_PATH}/Podfile.lock",
				"${PODS_ROOT}/Manifest.lock",
			);
			name = "[CP] Check Pods Manifest.lock";
			outputFileListPaths = (
			);
			outputPaths = (
				"$(DERIVED_FILE_DIR)/Pods-Thumbprint-ThumbprintTests-checkManifestLockResult.txt",
			);
			runOnlyForDeploymentPostprocessing = 0;
			shellPath = /bin/sh;
			shellScript = "diff \"${PODS_PODFILE_DIR_PATH}/Podfile.lock\" \"${PODS_ROOT}/Manifest.lock\" > /dev/null\nif [ $? != 0 ] ; then\n    # print error to STDERR\n    echo \"error: The sandbox is not in sync with the Podfile.lock. Run 'pod install' or update your CocoaPods installation.\" >&2\n    exit 1\nfi\n# This output is used by Xcode 'outputs' to avoid re-running this script phase.\necho \"SUCCESS\" > \"${SCRIPT_OUTPUT_FILE_0}\"\n";
			showEnvVarsInLog = 0;
		};
/* End PBXShellScriptBuildPhase section */

/* Begin PBXSourcesBuildPhase section */
		080E7C4925F48A0E002DBE7B /* Sources */ = {
			isa = PBXSourcesBuildPhase;
			buildActionMask = 2147483647;
			files = (
				080E7D5325F49151002DBE7B /* Test.swift in Sources */,
			);
			runOnlyForDeploymentPostprocessing = 0;
		};
		080E7C5225F48A0E002DBE7B /* Sources */ = {
			isa = PBXSourcesBuildPhase;
			buildActionMask = 2147483647;
			files = (
				080E7C5C25F48A0E002DBE7B /* ThumbprintTests.swift in Sources */,
			);
			runOnlyForDeploymentPostprocessing = 0;
		};
/* End PBXSourcesBuildPhase section */

/* Begin PBXTargetDependency section */
		080E7C5925F48A0E002DBE7B /* PBXTargetDependency */ = {
			isa = PBXTargetDependency;
			target = 080E7C4C25F48A0E002DBE7B /* Thumbprint */;
			targetProxy = 080E7C5825F48A0E002DBE7B /* PBXContainerItemProxy */;
		};
/* End PBXTargetDependency section */

/* Begin XCBuildConfiguration section */
		080E7C5F25F48A0E002DBE7B /* Debug */ = {
			isa = XCBuildConfiguration;
			buildSettings = {
			};
			name = Debug;
		};
		080E7C6025F48A0E002DBE7B /* Release */ = {
			isa = XCBuildConfiguration;
			buildSettings = {
			};
			name = Release;
		};
		080E7C6225F48A0E002DBE7B /* Debug */ = {
			isa = XCBuildConfiguration;
			baseConfigurationReference = 080E7D3F25F49024002DBE7B /* Thumbprint-Debug.xcconfig */;
			buildSettings = {
			};
			name = Debug;
		};
		080E7C6325F48A0E002DBE7B /* Release */ = {
			isa = XCBuildConfiguration;
			baseConfigurationReference = 080E7D3E25F49024002DBE7B /* Thumbprint-Release.xcconfig */;
			buildSettings = {
			};
			name = Release;
		};
		080E7C6525F48A0E002DBE7B /* Debug */ = {
			isa = XCBuildConfiguration;
			baseConfigurationReference = 080E7D5825F491F8002DBE7B /* ThumbprintTests-Debug.xcconfig */;
			buildSettings = {
			};
			name = Debug;
		};
		080E7C6625F48A0E002DBE7B /* Release */ = {
			isa = XCBuildConfiguration;
			baseConfigurationReference = 08C81A2E25F578CC0082FD2D /* ThumbprintTests-Release.xcconfig */;
			buildSettings = {
				PRODUCT_BUNDLE_IDENTIFIER = com.thumbtack.ThumbprintTests;
				PRODUCT_NAME = "$(TARGET_NAME)";
			};
			name = Release;
		};
/* End XCBuildConfiguration section */

/* Begin XCConfigurationList section */
		080E7C4725F48A0E002DBE7B /* Build configuration list for PBXProject "Thumbprint" */ = {
			isa = XCConfigurationList;
			buildConfigurations = (
				080E7C5F25F48A0E002DBE7B /* Debug */,
				080E7C6025F48A0E002DBE7B /* Release */,
			);
			defaultConfigurationIsVisible = 0;
			defaultConfigurationName = Release;
		};
		080E7C6125F48A0E002DBE7B /* Build configuration list for PBXNativeTarget "Thumbprint" */ = {
			isa = XCConfigurationList;
			buildConfigurations = (
				080E7C6225F48A0E002DBE7B /* Debug */,
				080E7C6325F48A0E002DBE7B /* Release */,
			);
			defaultConfigurationIsVisible = 0;
			defaultConfigurationName = Release;
		};
		080E7C6425F48A0E002DBE7B /* Build configuration list for PBXNativeTarget "ThumbprintTests" */ = {
			isa = XCConfigurationList;
			buildConfigurations = (
				080E7C6525F48A0E002DBE7B /* Debug */,
				080E7C6625F48A0E002DBE7B /* Release */,
			);
			defaultConfigurationIsVisible = 0;
			defaultConfigurationName = Release;
		};
/* End XCConfigurationList section */
	};
	rootObject = 080E7C4425F48A0E002DBE7B /* Project object */;
}
