// !$*UTF8*$!
{
	archiveVersion = 1;
	classes = {
	};
	objectVersion = 52;
	objects = {

/* Begin PBXBuildFile section */
		0840CE6D25FD533E00C571AA /* AppDelegate.swift in Sources */ = {isa = PBXBuildFile; fileRef = 0840CE6C25FD533E00C571AA /* AppDelegate.swift */; };
		0840CE6F25FD533E00C571AA /* SceneDelegate.swift in Sources */ = {isa = PBXBuildFile; fileRef = 0840CE6E25FD533E00C571AA /* SceneDelegate.swift */; };
		0840CE7125FD533E00C571AA /* ContentView.swift in Sources */ = {isa = PBXBuildFile; fileRef = 0840CE7025FD533E00C571AA /* ContentView.swift */; };
		0840CE7325FD533F00C571AA /* Assets.xcassets in Resources */ = {isa = PBXBuildFile; fileRef = 0840CE7225FD533F00C571AA /* Assets.xcassets */; };
		0840CE7625FD533F00C571AA /* Preview Assets.xcassets in Resources */ = {isa = PBXBuildFile; fileRef = 0840CE7525FD533F00C571AA /* Preview Assets.xcassets */; };
		0840CE7925FD533F00C571AA /* LaunchScreen.storyboard in Resources */ = {isa = PBXBuildFile; fileRef = 0840CE7725FD533F00C571AA /* LaunchScreen.storyboard */; };
		08C813DA25FF089D001F9DFE /* Bundle+Testing.swift in Sources */ = {isa = PBXBuildFile; fileRef = 08C81F3225F5A9DF0082FD2D /* Bundle+Testing.swift */; };
		08C813E125FF08A2001F9DFE /* Icons.xcassets in Resources */ = {isa = PBXBuildFile; fileRef = 0840CEA125FD590D00C571AA /* Icons.xcassets */; };
		4ECFB0A629FC5B31009D8AAB /* thumbprint-ios in Frameworks */ = {isa = PBXBuildFile; fileRef = 4E45396529F73AFD0008E9BC /* thumbprint-ios */; };
		A464D08A26AA1B0E00929BFD /* AppDelegate.swift in Sources */ = {isa = PBXBuildFile; fileRef = A464D08926AA1B0E00929BFD /* AppDelegate.swift */; };
		A464D08C26AA1B0E00929BFD /* SceneDelegate.swift in Sources */ = {isa = PBXBuildFile; fileRef = A464D08B26AA1B0E00929BFD /* SceneDelegate.swift */; };
		A464D09326AA1B1000929BFD /* Assets.xcassets in Resources */ = {isa = PBXBuildFile; fileRef = A464D09226AA1B1000929BFD /* Assets.xcassets */; };
		A464D09626AA1B1000929BFD /* LaunchScreen.storyboard in Resources */ = {isa = PBXBuildFile; fileRef = A464D09426AA1B1000929BFD /* LaunchScreen.storyboard */; };
		A464D0A126AA1B1100929BFD /* PlaygroundTests.swift in Sources */ = {isa = PBXBuildFile; fileRef = A464D0A026AA1B1100929BFD /* PlaygroundTests.swift */; };
		A464D0AC26AA1B1100929BFD /* PlaygroundUITests.swift in Sources */ = {isa = PBXBuildFile; fileRef = A464D0AB26AA1B1100929BFD /* PlaygroundUITests.swift */; };
		A464D10426AA217800929BFD /* ThumbprintPublicResources.framework in Frameworks */ = {isa = PBXBuildFile; fileRef = A464D0FD26AA217800929BFD /* ThumbprintPublicResources.framework */; };
		A464D10526AA217800929BFD /* ThumbprintPublicResources.framework in Embed Frameworks */ = {isa = PBXBuildFile; fileRef = A464D0FD26AA217800929BFD /* ThumbprintPublicResources.framework */; settings = {ATTRIBUTES = (CodeSignOnCopy, RemoveHeadersOnCopy, ); }; };
		A464D11A26AA25D600929BFD /* PlaygroundViewController.swift in Sources */ = {isa = PBXBuildFile; fileRef = A464D11526AA25D500929BFD /* PlaygroundViewController.swift */; };
		A464D11B26AA25D600929BFD /* InspectorViewController.swift in Sources */ = {isa = PBXBuildFile; fileRef = A464D11626AA25D500929BFD /* InspectorViewController.swift */; };
		A464D11C26AA25D600929BFD /* DraggableView.swift in Sources */ = {isa = PBXBuildFile; fileRef = A464D11726AA25D500929BFD /* DraggableView.swift */; };
		A464D11D26AA25D600929BFD /* ComponentsListViewController.swift in Sources */ = {isa = PBXBuildFile; fileRef = A464D11826AA25D500929BFD /* ComponentsListViewController.swift */; };
		A464D14726AA29B000929BFD /* InspectableView.swift in Sources */ = {isa = PBXBuildFile; fileRef = A464D14326AA29B000929BFD /* InspectableView.swift */; };
		A464D14826AA29B000929BFD /* InspectableBorderView.swift in Sources */ = {isa = PBXBuildFile; fileRef = A464D14426AA29B000929BFD /* InspectableBorderView.swift */; };
		A464D14926AA29B000929BFD /* InspectablePropertyView.swift in Sources */ = {isa = PBXBuildFile; fileRef = A464D14526AA29B000929BFD /* InspectablePropertyView.swift */; };
		A464D14A26AA29B000929BFD /* InspectableProperty.swift in Sources */ = {isa = PBXBuildFile; fileRef = A464D14626AA29B000929BFD /* InspectableProperty.swift */; };
		A464D15326AA29C300929BFD /* ButtonActionInspectableProperty.swift in Sources */ = {isa = PBXBuildFile; fileRef = A464D14C26AA29C300929BFD /* ButtonActionInspectableProperty.swift */; };
		A464D15426AA29C300929BFD /* OptionalIntInspectableProperty.swift in Sources */ = {isa = PBXBuildFile; fileRef = A464D14D26AA29C300929BFD /* OptionalIntInspectableProperty.swift */; };
		A464D15526AA29C300929BFD /* DateInspectableProperty.swift in Sources */ = {isa = PBXBuildFile; fileRef = A464D14E26AA29C300929BFD /* DateInspectableProperty.swift */; };
		A464D15626AA29C300929BFD /* DropdownInspectableProperty.swift in Sources */ = {isa = PBXBuildFile; fileRef = A464D14F26AA29C300929BFD /* DropdownInspectableProperty.swift */; };
		A464D15726AA29C300929BFD /* StringInspectableProperty.swift in Sources */ = {isa = PBXBuildFile; fileRef = A464D15026AA29C300929BFD /* StringInspectableProperty.swift */; };
		A464D15826AA29C300929BFD /* BoolInspectableProperty.swift in Sources */ = {isa = PBXBuildFile; fileRef = A464D15126AA29C300929BFD /* BoolInspectableProperty.swift */; };
		A464D15926AA29C300929BFD /* IntInspectableProperty.swift in Sources */ = {isa = PBXBuildFile; fileRef = A464D15226AA29C300929BFD /* IntInspectableProperty.swift */; };
		A464D17526AA29D800929BFD /* ButtonRow+InspectableView.swift in Sources */ = {isa = PBXBuildFile; fileRef = A464D15B26AA29D600929BFD /* ButtonRow+InspectableView.swift */; };
		A464D17626AA29D800929BFD /* Button+InspectableView.swift in Sources */ = {isa = PBXBuildFile; fileRef = A464D15C26AA29D600929BFD /* Button+InspectableView.swift */; };
		A464D17726AA29D800929BFD /* RadioTableViewCell+InspectableView.swift in Sources */ = {isa = PBXBuildFile; fileRef = A464D15D26AA29D600929BFD /* RadioTableViewCell+InspectableView.swift */; };
		A464D17826AA29D800929BFD /* ToggleChip+InspectableView.swift in Sources */ = {isa = PBXBuildFile; fileRef = A464D15E26AA29D600929BFD /* ToggleChip+InspectableView.swift */; };
		A464D17926AA29D800929BFD /* Pill+InspectableView.swift in Sources */ = {isa = PBXBuildFile; fileRef = A464D15F26AA29D600929BFD /* Pill+InspectableView.swift */; };
		A464D17A26AA29D800929BFD /* Dropdown+InspectableView.swift in Sources */ = {isa = PBXBuildFile; fileRef = A464D16026AA29D600929BFD /* Dropdown+InspectableView.swift */; };
		A464D17B26AA29D800929BFD /* ShadowCard+InspectableView.swift in Sources */ = {isa = PBXBuildFile; fileRef = A464D16126AA29D600929BFD /* ShadowCard+InspectableView.swift */; };
		A464D17C26AA29D800929BFD /* TextInput+InspectableView.swift in Sources */ = {isa = PBXBuildFile; fileRef = A464D16226AA29D600929BFD /* TextInput+InspectableView.swift */; };
		A464D17F26AA29D800929BFD /* IconButton+InspectableView.swift in Sources */ = {isa = PBXBuildFile; fileRef = A464D16526AA29D700929BFD /* IconButton+InspectableView.swift */; };
		A464D18026AA29D800929BFD /* IconFloatingActionButton+InspectableView.swift in Sources */ = {isa = PBXBuildFile; fileRef = A464D16626AA29D700929BFD /* IconFloatingActionButton+InspectableView.swift */; };
		A464D18126AA29D800929BFD /* TextFloatingActionButton+InspectableView.swift in Sources */ = {isa = PBXBuildFile; fileRef = A464D16726AA29D700929BFD /* TextFloatingActionButton+InspectableView.swift */; };
		A464D18226AA29D800929BFD /* UserAvatar+InspectableView.swift in Sources */ = {isa = PBXBuildFile; fileRef = A464D16826AA29D700929BFD /* UserAvatar+InspectableView.swift */; };
		A464D18326AA29D800929BFD /* LoaderDots+InspectableView.swift in Sources */ = {isa = PBXBuildFile; fileRef = A464D16926AA29D700929BFD /* LoaderDots+InspectableView.swift */; };
		A464D18426AA29D800929BFD /* ButtonStack+InspectableView.swift in Sources */ = {isa = PBXBuildFile; fileRef = A464D16A26AA29D700929BFD /* ButtonStack+InspectableView.swift */; };
		A464D18526AA29D800929BFD /* Footer+InspectableView.swift in Sources */ = {isa = PBXBuildFile; fileRef = A464D16B26AA29D700929BFD /* Footer+InspectableView.swift */; };
		A464D18626AA29D800929BFD /* RadioStack + InspectableView.swift in Sources */ = {isa = PBXBuildFile; fileRef = A464D16C26AA29D700929BFD /* RadioStack + InspectableView.swift */; };
		A464D18726AA29D800929BFD /* ToastWrapper+InspectableView.swift in Sources */ = {isa = PBXBuildFile; fileRef = A464D16D26AA29D700929BFD /* ToastWrapper+InspectableView.swift */; };
		A464D18826AA29D800929BFD /* TabBar+InspectableView.swift in Sources */ = {isa = PBXBuildFile; fileRef = A464D16E26AA29D700929BFD /* TabBar+InspectableView.swift */; };
		A464D18926AA29D800929BFD /* Label+InspectableView.swift in Sources */ = {isa = PBXBuildFile; fileRef = A464D16F26AA29D800929BFD /* Label+InspectableView.swift */; };
		A464D18A26AA29D800929BFD /* CalendarPicker+InspectableView.swift in Sources */ = {isa = PBXBuildFile; fileRef = A464D17026AA29D800929BFD /* CalendarPicker+InspectableView.swift */; };
		A464D18B26AA29D800929BFD /* FilterChip+InspectableView.swift in Sources */ = {isa = PBXBuildFile; fileRef = A464D17126AA29D800929BFD /* FilterChip+InspectableView.swift */; };
		A464D18C26AA29D800929BFD /* PlaygroundColorView.swift in Sources */ = {isa = PBXBuildFile; fileRef = A464D17226AA29D800929BFD /* PlaygroundColorView.swift */; };
		A464D18D26AA29D800929BFD /* TextArea+InspectableView.swift in Sources */ = {isa = PBXBuildFile; fileRef = A464D17326AA29D800929BFD /* TextArea+InspectableView.swift */; };
		A464D18E26AA29D800929BFD /* EntityAvatar+InspectableView.swift in Sources */ = {isa = PBXBuildFile; fileRef = A464D17426AA29D800929BFD /* EntityAvatar+InspectableView.swift */; };
		A479A75E26B0AC2600D49C83 /* main.swift in Sources */ = {isa = PBXBuildFile; fileRef = A479A68526AB381D00D49C83 /* main.swift */; };
		E054328226F265D9004485B9 /* LabelCheckbox+InspectableView.swift in Sources */ = {isa = PBXBuildFile; fileRef = E054328126F265D9004485B9 /* LabelCheckbox+InspectableView.swift */; };
		E054328426F26611004485B9 /* Radio+InspectableView.swift in Sources */ = {isa = PBXBuildFile; fileRef = E054328326F26611004485B9 /* Radio+InspectableView.swift */; };
/* End PBXBuildFile section */

/* Begin PBXContainerItemProxy section */
		0840CE8125FD536600C571AA /* PBXContainerItemProxy */ = {
			isa = PBXContainerItemProxy;
			containerPortal = 080E7C4425F48A0E002DBE7B /* Project object */;
			proxyType = 1;
			remoteGlobalIDString = 0840CE6925FD533E00C571AA;
			remoteInfo = TestsHostApp;
		};
		A464D09D26AA1B1100929BFD /* PBXContainerItemProxy */ = {
			isa = PBXContainerItemProxy;
			containerPortal = 080E7C4425F48A0E002DBE7B /* Project object */;
			proxyType = 1;
			remoteGlobalIDString = A464D08626AA1B0E00929BFD;
			remoteInfo = Playground;
		};
		A464D0A826AA1B1100929BFD /* PBXContainerItemProxy */ = {
			isa = PBXContainerItemProxy;
			containerPortal = 080E7C4425F48A0E002DBE7B /* Project object */;
			proxyType = 1;
			remoteGlobalIDString = A464D08626AA1B0E00929BFD;
			remoteInfo = Playground;
		};
		A464D10226AA217800929BFD /* PBXContainerItemProxy */ = {
			isa = PBXContainerItemProxy;
			containerPortal = 080E7C4425F48A0E002DBE7B /* Project object */;
			proxyType = 1;
			remoteGlobalIDString = A464D0FC26AA217800929BFD;
			remoteInfo = ThumbprintPublicResources;
		};
/* End PBXContainerItemProxy section */

/* Begin PBXCopyFilesBuildPhase section */
		A464D10626AA217800929BFD /* Embed Frameworks */ = {
			isa = PBXCopyFilesBuildPhase;
			buildActionMask = 2147483647;
			dstPath = "";
			dstSubfolderSpec = 10;
			files = (
				A464D10526AA217800929BFD /* ThumbprintPublicResources.framework in Embed Frameworks */,
			);
			name = "Embed Frameworks";
			runOnlyForDeploymentPostprocessing = 0;
		};
/* End PBXCopyFilesBuildPhase section */

/* Begin PBXFileReference section */
		080E6F8125FFD421006D8056 /* ThumbprintResources-Release.xcconfig */ = {isa = PBXFileReference; fileEncoding = 4; lastKnownFileType = text.xcconfig; path = "ThumbprintResources-Release.xcconfig"; sourceTree = "<group>"; };
		080E6F8225FFD421006D8056 /* ThumbprintResources-Debug.xcconfig */ = {isa = PBXFileReference; fileEncoding = 4; lastKnownFileType = text.xcconfig; path = "ThumbprintResources-Debug.xcconfig"; sourceTree = "<group>"; };
		080E7C5625F48A0E002DBE7B /* ThumbprintTests.xctest */ = {isa = PBXFileReference; explicitFileType = wrapper.cfbundle; includeInIndex = 0; name = ThumbprintTests.xctest; path = .xctest; sourceTree = BUILT_PRODUCTS_DIR; };
		080E7D3E25F49024002DBE7B /* Thumbprint-Release.xcconfig */ = {isa = PBXFileReference; lastKnownFileType = text.xcconfig; path = "Thumbprint-Release.xcconfig"; sourceTree = "<group>"; };
		080E7D3F25F49024002DBE7B /* Thumbprint-Debug.xcconfig */ = {isa = PBXFileReference; lastKnownFileType = text.xcconfig; path = "Thumbprint-Debug.xcconfig"; sourceTree = "<group>"; };
		080E7D5825F491F8002DBE7B /* ThumbprintTests-Debug.xcconfig */ = {isa = PBXFileReference; lastKnownFileType = text.xcconfig; path = "ThumbprintTests-Debug.xcconfig"; sourceTree = "<group>"; };
		0840CE6A25FD533E00C571AA /* TestsHostApp.app */ = {isa = PBXFileReference; explicitFileType = wrapper.application; includeInIndex = 0; path = TestsHostApp.app; sourceTree = BUILT_PRODUCTS_DIR; };
		0840CE6C25FD533E00C571AA /* AppDelegate.swift */ = {isa = PBXFileReference; lastKnownFileType = sourcecode.swift; path = AppDelegate.swift; sourceTree = "<group>"; };
		0840CE6E25FD533E00C571AA /* SceneDelegate.swift */ = {isa = PBXFileReference; lastKnownFileType = sourcecode.swift; path = SceneDelegate.swift; sourceTree = "<group>"; };
		0840CE7025FD533E00C571AA /* ContentView.swift */ = {isa = PBXFileReference; lastKnownFileType = sourcecode.swift; path = ContentView.swift; sourceTree = "<group>"; };
		0840CE7225FD533F00C571AA /* Assets.xcassets */ = {isa = PBXFileReference; lastKnownFileType = folder.assetcatalog; path = Assets.xcassets; sourceTree = "<group>"; };
		0840CE7525FD533F00C571AA /* Preview Assets.xcassets */ = {isa = PBXFileReference; lastKnownFileType = folder.assetcatalog; path = "Preview Assets.xcassets"; sourceTree = "<group>"; };
		0840CE7825FD533F00C571AA /* Base */ = {isa = PBXFileReference; lastKnownFileType = file.storyboard; name = Base; path = Base.lproj/LaunchScreen.storyboard; sourceTree = "<group>"; };
		0840CE7A25FD533F00C571AA /* Info.plist */ = {isa = PBXFileReference; lastKnownFileType = text.plist.xml; path = Info.plist; sourceTree = "<group>"; };
		0840CE8F25FD581600C571AA /* LICENSE.txt */ = {isa = PBXFileReference; lastKnownFileType = text; path = LICENSE.txt; sourceTree = "<group>"; };
		0840CEA125FD590D00C571AA /* Icons.xcassets */ = {isa = PBXFileReference; lastKnownFileType = folder.assetcatalog; path = Icons.xcassets; sourceTree = "<group>"; };
		08C813F825FF093F001F9DFE /* TestsHostApp-Release.xcconfig */ = {isa = PBXFileReference; lastKnownFileType = text.xcconfig; path = "TestsHostApp-Release.xcconfig"; sourceTree = "<group>"; };
		08C813F925FF093F001F9DFE /* TestsHostApp-Debug.xcconfig */ = {isa = PBXFileReference; lastKnownFileType = text.xcconfig; path = "TestsHostApp-Debug.xcconfig"; sourceTree = "<group>"; };
		08C81A2E25F578CC0082FD2D /* ThumbprintTests-Release.xcconfig */ = {isa = PBXFileReference; lastKnownFileType = text.xcconfig; path = "ThumbprintTests-Release.xcconfig"; sourceTree = "<group>"; };
		08C81F3225F5A9DF0082FD2D /* Bundle+Testing.swift */ = {isa = PBXFileReference; lastKnownFileType = sourcecode.swift; path = "Bundle+Testing.swift"; sourceTree = "<group>"; };
		4E45396529F73AFD0008E9BC /* thumbprint-ios */ = {isa = PBXFileReference; lastKnownFileType = wrapper; name = "thumbprint-ios"; path = ..; sourceTree = "<group>"; };
		A464D08726AA1B0E00929BFD /* Playground.app */ = {isa = PBXFileReference; explicitFileType = wrapper.application; includeInIndex = 0; path = Playground.app; sourceTree = BUILT_PRODUCTS_DIR; };
		A464D08926AA1B0E00929BFD /* AppDelegate.swift */ = {isa = PBXFileReference; lastKnownFileType = sourcecode.swift; path = AppDelegate.swift; sourceTree = "<group>"; };
		A464D08B26AA1B0E00929BFD /* SceneDelegate.swift */ = {isa = PBXFileReference; lastKnownFileType = sourcecode.swift; path = SceneDelegate.swift; sourceTree = "<group>"; };
		A464D09226AA1B1000929BFD /* Assets.xcassets */ = {isa = PBXFileReference; lastKnownFileType = folder.assetcatalog; path = Assets.xcassets; sourceTree = "<group>"; };
		A464D09526AA1B1000929BFD /* Base */ = {isa = PBXFileReference; lastKnownFileType = file.storyboard; name = Base; path = Base.lproj/LaunchScreen.storyboard; sourceTree = "<group>"; };
		A464D09726AA1B1000929BFD /* Info.plist */ = {isa = PBXFileReference; lastKnownFileType = text.plist.xml; path = Info.plist; sourceTree = "<group>"; };
		A464D09C26AA1B1100929BFD /* PlaygroundTests.xctest */ = {isa = PBXFileReference; explicitFileType = wrapper.cfbundle; includeInIndex = 0; path = PlaygroundTests.xctest; sourceTree = BUILT_PRODUCTS_DIR; };
		A464D0A026AA1B1100929BFD /* PlaygroundTests.swift */ = {isa = PBXFileReference; lastKnownFileType = sourcecode.swift; path = PlaygroundTests.swift; sourceTree = "<group>"; };
		A464D0A226AA1B1100929BFD /* Info.plist */ = {isa = PBXFileReference; lastKnownFileType = text.plist.xml; path = Info.plist; sourceTree = "<group>"; };
		A464D0A726AA1B1100929BFD /* PlaygroundUITests.xctest */ = {isa = PBXFileReference; explicitFileType = wrapper.cfbundle; includeInIndex = 0; path = PlaygroundUITests.xctest; sourceTree = BUILT_PRODUCTS_DIR; };
		A464D0AB26AA1B1100929BFD /* PlaygroundUITests.swift */ = {isa = PBXFileReference; lastKnownFileType = sourcecode.swift; path = PlaygroundUITests.swift; sourceTree = "<group>"; };
		A464D0AD26AA1B1100929BFD /* Info.plist */ = {isa = PBXFileReference; lastKnownFileType = text.plist.xml; path = Info.plist; sourceTree = "<group>"; };
		A464D0FD26AA217800929BFD /* ThumbprintPublicResources.framework */ = {isa = PBXFileReference; explicitFileType = wrapper.framework; includeInIndex = 0; path = ThumbprintPublicResources.framework; sourceTree = BUILT_PRODUCTS_DIR; };
		A464D11526AA25D500929BFD /* PlaygroundViewController.swift */ = {isa = PBXFileReference; fileEncoding = 4; lastKnownFileType = sourcecode.swift; path = PlaygroundViewController.swift; sourceTree = "<group>"; };
		A464D11626AA25D500929BFD /* InspectorViewController.swift */ = {isa = PBXFileReference; fileEncoding = 4; lastKnownFileType = sourcecode.swift; path = InspectorViewController.swift; sourceTree = "<group>"; };
		A464D11726AA25D500929BFD /* DraggableView.swift */ = {isa = PBXFileReference; fileEncoding = 4; lastKnownFileType = sourcecode.swift; path = DraggableView.swift; sourceTree = "<group>"; };
		A464D11826AA25D500929BFD /* ComponentsListViewController.swift */ = {isa = PBXFileReference; fileEncoding = 4; lastKnownFileType = sourcecode.swift; path = ComponentsListViewController.swift; sourceTree = "<group>"; };
		A464D14326AA29B000929BFD /* InspectableView.swift */ = {isa = PBXFileReference; fileEncoding = 4; lastKnownFileType = sourcecode.swift; path = InspectableView.swift; sourceTree = "<group>"; };
		A464D14426AA29B000929BFD /* InspectableBorderView.swift */ = {isa = PBXFileReference; fileEncoding = 4; lastKnownFileType = sourcecode.swift; path = InspectableBorderView.swift; sourceTree = "<group>"; };
		A464D14526AA29B000929BFD /* InspectablePropertyView.swift */ = {isa = PBXFileReference; fileEncoding = 4; lastKnownFileType = sourcecode.swift; path = InspectablePropertyView.swift; sourceTree = "<group>"; };
		A464D14626AA29B000929BFD /* InspectableProperty.swift */ = {isa = PBXFileReference; fileEncoding = 4; lastKnownFileType = sourcecode.swift; path = InspectableProperty.swift; sourceTree = "<group>"; };
		A464D14C26AA29C300929BFD /* ButtonActionInspectableProperty.swift */ = {isa = PBXFileReference; fileEncoding = 4; lastKnownFileType = sourcecode.swift; path = ButtonActionInspectableProperty.swift; sourceTree = "<group>"; };
		A464D14D26AA29C300929BFD /* OptionalIntInspectableProperty.swift */ = {isa = PBXFileReference; fileEncoding = 4; lastKnownFileType = sourcecode.swift; path = OptionalIntInspectableProperty.swift; sourceTree = "<group>"; };
		A464D14E26AA29C300929BFD /* DateInspectableProperty.swift */ = {isa = PBXFileReference; fileEncoding = 4; lastKnownFileType = sourcecode.swift; path = DateInspectableProperty.swift; sourceTree = "<group>"; };
		A464D14F26AA29C300929BFD /* DropdownInspectableProperty.swift */ = {isa = PBXFileReference; fileEncoding = 4; lastKnownFileType = sourcecode.swift; path = DropdownInspectableProperty.swift; sourceTree = "<group>"; };
		A464D15026AA29C300929BFD /* StringInspectableProperty.swift */ = {isa = PBXFileReference; fileEncoding = 4; lastKnownFileType = sourcecode.swift; path = StringInspectableProperty.swift; sourceTree = "<group>"; };
		A464D15126AA29C300929BFD /* BoolInspectableProperty.swift */ = {isa = PBXFileReference; fileEncoding = 4; lastKnownFileType = sourcecode.swift; path = BoolInspectableProperty.swift; sourceTree = "<group>"; };
		A464D15226AA29C300929BFD /* IntInspectableProperty.swift */ = {isa = PBXFileReference; fileEncoding = 4; lastKnownFileType = sourcecode.swift; path = IntInspectableProperty.swift; sourceTree = "<group>"; };
		A464D15B26AA29D600929BFD /* ButtonRow+InspectableView.swift */ = {isa = PBXFileReference; fileEncoding = 4; lastKnownFileType = sourcecode.swift; path = "ButtonRow+InspectableView.swift"; sourceTree = "<group>"; };
		A464D15C26AA29D600929BFD /* Button+InspectableView.swift */ = {isa = PBXFileReference; fileEncoding = 4; lastKnownFileType = sourcecode.swift; path = "Button+InspectableView.swift"; sourceTree = "<group>"; };
		A464D15D26AA29D600929BFD /* RadioTableViewCell+InspectableView.swift */ = {isa = PBXFileReference; fileEncoding = 4; lastKnownFileType = sourcecode.swift; path = "RadioTableViewCell+InspectableView.swift"; sourceTree = "<group>"; };
		A464D15E26AA29D600929BFD /* ToggleChip+InspectableView.swift */ = {isa = PBXFileReference; fileEncoding = 4; lastKnownFileType = sourcecode.swift; path = "ToggleChip+InspectableView.swift"; sourceTree = "<group>"; };
		A464D15F26AA29D600929BFD /* Pill+InspectableView.swift */ = {isa = PBXFileReference; fileEncoding = 4; lastKnownFileType = sourcecode.swift; path = "Pill+InspectableView.swift"; sourceTree = "<group>"; };
		A464D16026AA29D600929BFD /* Dropdown+InspectableView.swift */ = {isa = PBXFileReference; fileEncoding = 4; lastKnownFileType = sourcecode.swift; path = "Dropdown+InspectableView.swift"; sourceTree = "<group>"; };
		A464D16126AA29D600929BFD /* ShadowCard+InspectableView.swift */ = {isa = PBXFileReference; fileEncoding = 4; lastKnownFileType = sourcecode.swift; path = "ShadowCard+InspectableView.swift"; sourceTree = "<group>"; };
		A464D16226AA29D600929BFD /* TextInput+InspectableView.swift */ = {isa = PBXFileReference; fileEncoding = 4; lastKnownFileType = sourcecode.swift; path = "TextInput+InspectableView.swift"; sourceTree = "<group>"; };
		A464D16526AA29D700929BFD /* IconButton+InspectableView.swift */ = {isa = PBXFileReference; fileEncoding = 4; lastKnownFileType = sourcecode.swift; path = "IconButton+InspectableView.swift"; sourceTree = "<group>"; };
		A464D16626AA29D700929BFD /* IconFloatingActionButton+InspectableView.swift */ = {isa = PBXFileReference; fileEncoding = 4; lastKnownFileType = sourcecode.swift; path = "IconFloatingActionButton+InspectableView.swift"; sourceTree = "<group>"; };
		A464D16726AA29D700929BFD /* TextFloatingActionButton+InspectableView.swift */ = {isa = PBXFileReference; fileEncoding = 4; lastKnownFileType = sourcecode.swift; path = "TextFloatingActionButton+InspectableView.swift"; sourceTree = "<group>"; };
		A464D16826AA29D700929BFD /* UserAvatar+InspectableView.swift */ = {isa = PBXFileReference; fileEncoding = 4; lastKnownFileType = sourcecode.swift; path = "UserAvatar+InspectableView.swift"; sourceTree = "<group>"; };
		A464D16926AA29D700929BFD /* LoaderDots+InspectableView.swift */ = {isa = PBXFileReference; fileEncoding = 4; lastKnownFileType = sourcecode.swift; path = "LoaderDots+InspectableView.swift"; sourceTree = "<group>"; };
		A464D16A26AA29D700929BFD /* ButtonStack+InspectableView.swift */ = {isa = PBXFileReference; fileEncoding = 4; lastKnownFileType = sourcecode.swift; path = "ButtonStack+InspectableView.swift"; sourceTree = "<group>"; };
		A464D16B26AA29D700929BFD /* Footer+InspectableView.swift */ = {isa = PBXFileReference; fileEncoding = 4; lastKnownFileType = sourcecode.swift; path = "Footer+InspectableView.swift"; sourceTree = "<group>"; };
		A464D16C26AA29D700929BFD /* RadioStack + InspectableView.swift */ = {isa = PBXFileReference; fileEncoding = 4; lastKnownFileType = sourcecode.swift; path = "RadioStack + InspectableView.swift"; sourceTree = "<group>"; };
		A464D16D26AA29D700929BFD /* ToastWrapper+InspectableView.swift */ = {isa = PBXFileReference; fileEncoding = 4; lastKnownFileType = sourcecode.swift; path = "ToastWrapper+InspectableView.swift"; sourceTree = "<group>"; };
		A464D16E26AA29D700929BFD /* TabBar+InspectableView.swift */ = {isa = PBXFileReference; fileEncoding = 4; lastKnownFileType = sourcecode.swift; path = "TabBar+InspectableView.swift"; sourceTree = "<group>"; };
		A464D16F26AA29D800929BFD /* Label+InspectableView.swift */ = {isa = PBXFileReference; fileEncoding = 4; lastKnownFileType = sourcecode.swift; path = "Label+InspectableView.swift"; sourceTree = "<group>"; };
		A464D17026AA29D800929BFD /* CalendarPicker+InspectableView.swift */ = {isa = PBXFileReference; fileEncoding = 4; lastKnownFileType = sourcecode.swift; path = "CalendarPicker+InspectableView.swift"; sourceTree = "<group>"; };
		A464D17126AA29D800929BFD /* FilterChip+InspectableView.swift */ = {isa = PBXFileReference; fileEncoding = 4; lastKnownFileType = sourcecode.swift; path = "FilterChip+InspectableView.swift"; sourceTree = "<group>"; };
		A464D17226AA29D800929BFD /* PlaygroundColorView.swift */ = {isa = PBXFileReference; fileEncoding = 4; lastKnownFileType = sourcecode.swift; path = PlaygroundColorView.swift; sourceTree = "<group>"; };
		A464D17326AA29D800929BFD /* TextArea+InspectableView.swift */ = {isa = PBXFileReference; fileEncoding = 4; lastKnownFileType = sourcecode.swift; path = "TextArea+InspectableView.swift"; sourceTree = "<group>"; };
		A464D17426AA29D800929BFD /* EntityAvatar+InspectableView.swift */ = {isa = PBXFileReference; fileEncoding = 4; lastKnownFileType = sourcecode.swift; path = "EntityAvatar+InspectableView.swift"; sourceTree = "<group>"; };
		A479A68526AB381D00D49C83 /* main.swift */ = {isa = PBXFileReference; lastKnownFileType = sourcecode.swift; path = main.swift; sourceTree = "<group>"; };
		E054328126F265D9004485B9 /* LabelCheckbox+InspectableView.swift */ = {isa = PBXFileReference; lastKnownFileType = sourcecode.swift; path = "LabelCheckbox+InspectableView.swift"; sourceTree = "<group>"; };
		E054328326F26611004485B9 /* Radio+InspectableView.swift */ = {isa = PBXFileReference; lastKnownFileType = sourcecode.swift; path = "Radio+InspectableView.swift"; sourceTree = "<group>"; };
/* End PBXFileReference section */

/* Begin PBXFrameworksBuildPhase section */
		080E7C5325F48A0E002DBE7B /* Frameworks */ = {
			isa = PBXFrameworksBuildPhase;
			buildActionMask = 2147483647;
			files = (
			);
			runOnlyForDeploymentPostprocessing = 0;
		};
		0840CE6725FD533E00C571AA /* Frameworks */ = {
			isa = PBXFrameworksBuildPhase;
			buildActionMask = 2147483647;
			files = (
				4ECFB0A629FC5B31009D8AAB /* thumbprint-ios in Frameworks */,
			);
			runOnlyForDeploymentPostprocessing = 0;
		};
		A464D08426AA1B0E00929BFD /* Frameworks */ = {
			isa = PBXFrameworksBuildPhase;
			buildActionMask = 2147483647;
			files = (
				A464D10426AA217800929BFD /* ThumbprintPublicResources.framework in Frameworks */,
			);
			runOnlyForDeploymentPostprocessing = 0;
		};
		A464D09926AA1B1100929BFD /* Frameworks */ = {
			isa = PBXFrameworksBuildPhase;
			buildActionMask = 2147483647;
			files = (
			);
			runOnlyForDeploymentPostprocessing = 0;
		};
		A464D0A426AA1B1100929BFD /* Frameworks */ = {
			isa = PBXFrameworksBuildPhase;
			buildActionMask = 2147483647;
			files = (
			);
			runOnlyForDeploymentPostprocessing = 0;
		};
		A464D0FA26AA217800929BFD /* Frameworks */ = {
			isa = PBXFrameworksBuildPhase;
			buildActionMask = 2147483647;
			files = (
			);
			runOnlyForDeploymentPostprocessing = 0;
		};
/* End PBXFrameworksBuildPhase section */

/* Begin PBXGroup section */
		080E6F7B25FFD39F006D8056 /* Targets */ = {
			isa = PBXGroup;
			children = (
				0840CE6B25FD533E00C571AA /* TestsHostApp */,
				A464D08826AA1B0E00929BFD /* Playground */,
				A464D09F26AA1B1100929BFD /* PlaygroundTests */,
				A464D0AA26AA1B1100929BFD /* PlaygroundUITests */,
			);
			path = Targets;
			sourceTree = "<group>";
		};
		080E7C4325F48A0E002DBE7B = {
			isa = PBXGroup;
			children = (
				080E6F7B25FFD39F006D8056 /* Targets */,
				080E7D3D25F49024002DBE7B /* Xcconfig */,
				080E7C4E25F48A0E002DBE7B /* Products */,
				907AF1253CE727D385CC6A5D /* Frameworks */,
			);
			sourceTree = "<group>";
		};
		080E7C4E25F48A0E002DBE7B /* Products */ = {
			isa = PBXGroup;
			children = (
				080E7C5625F48A0E002DBE7B /* ThumbprintTests.xctest */,
				0840CE6A25FD533E00C571AA /* TestsHostApp.app */,
				A464D08726AA1B0E00929BFD /* Playground.app */,
				A464D09C26AA1B1100929BFD /* PlaygroundTests.xctest */,
				A464D0A726AA1B1100929BFD /* PlaygroundUITests.xctest */,
				A464D0FD26AA217800929BFD /* ThumbprintPublicResources.framework */,
			);
			name = Products;
			sourceTree = "<group>";
		};
		080E7D3D25F49024002DBE7B /* Xcconfig */ = {
			isa = PBXGroup;
			children = (
				080E7D3F25F49024002DBE7B /* Thumbprint-Debug.xcconfig */,
				080E7D3E25F49024002DBE7B /* Thumbprint-Release.xcconfig */,
				080E6F8225FFD421006D8056 /* ThumbprintResources-Debug.xcconfig */,
				080E6F8125FFD421006D8056 /* ThumbprintResources-Release.xcconfig */,
				080E7D5825F491F8002DBE7B /* ThumbprintTests-Debug.xcconfig */,
				08C81A2E25F578CC0082FD2D /* ThumbprintTests-Release.xcconfig */,
				08C813F925FF093F001F9DFE /* TestsHostApp-Debug.xcconfig */,
				08C813F825FF093F001F9DFE /* TestsHostApp-Release.xcconfig */,
			);
			path = Xcconfig;
			sourceTree = "<group>";
		};
		0840CE6B25FD533E00C571AA /* TestsHostApp */ = {
			isa = PBXGroup;
			children = (
				0840CE8E25FD57F800C571AA /* Icons */,
				0840CE7425FD533F00C571AA /* Preview Content */,
				08C81F3225F5A9DF0082FD2D /* Bundle+Testing.swift */,
				0840CE6C25FD533E00C571AA /* AppDelegate.swift */,
				0840CE6E25FD533E00C571AA /* SceneDelegate.swift */,
				0840CE7025FD533E00C571AA /* ContentView.swift */,
				0840CE7225FD533F00C571AA /* Assets.xcassets */,
				0840CE7725FD533F00C571AA /* LaunchScreen.storyboard */,
				0840CE7A25FD533F00C571AA /* Info.plist */,
			);
			path = TestsHostApp;
			sourceTree = "<group>";
		};
		0840CE7425FD533F00C571AA /* Preview Content */ = {
			isa = PBXGroup;
			children = (
				0840CE7525FD533F00C571AA /* Preview Assets.xcassets */,
			);
			path = "Preview Content";
			sourceTree = "<group>";
		};
		0840CE8E25FD57F800C571AA /* Icons */ = {
			isa = PBXGroup;
			children = (
				0840CE8F25FD581600C571AA /* LICENSE.txt */,
				0840CEA125FD590D00C571AA /* Icons.xcassets */,
			);
			path = Icons;
			sourceTree = "<group>";
		};
		907AF1253CE727D385CC6A5D /* Frameworks */ = {
			isa = PBXGroup;
			children = (
				4E45396529F73AFD0008E9BC /* thumbprint-ios */,
			);
			name = Frameworks;
			sourceTree = "<group>";
		};
		A464D08826AA1B0E00929BFD /* Playground */ = {
			isa = PBXGroup;
			children = (
				A479A68426AB381400D49C83 /* Classes */,
				A479A68326AB380400D49C83 /* Config */,
				A479A68226AB37E300D49C83 /* Assets */,
			);
			path = Playground;
			sourceTree = "<group>";
		};
		A464D09F26AA1B1100929BFD /* PlaygroundTests */ = {
			isa = PBXGroup;
			children = (
				A464D0A026AA1B1100929BFD /* PlaygroundTests.swift */,
				A464D0A226AA1B1100929BFD /* Info.plist */,
			);
			path = PlaygroundTests;
			sourceTree = "<group>";
		};
		A464D0AA26AA1B1100929BFD /* PlaygroundUITests */ = {
			isa = PBXGroup;
			children = (
				A464D0AB26AA1B1100929BFD /* PlaygroundUITests.swift */,
				A464D0AD26AA1B1100929BFD /* Info.plist */,
			);
			path = PlaygroundUITests;
			sourceTree = "<group>";
		};
		A464D14226AA299A00929BFD /* Inspectable */ = {
			isa = PBXGroup;
			children = (
				A464D15A26AA29CA00929BFD /* InspectableViews */,
				A464D14B26AA29B500929BFD /* InspectableProperties */,
				A464D14426AA29B000929BFD /* InspectableBorderView.swift */,
				A464D14626AA29B000929BFD /* InspectableProperty.swift */,
				A464D14526AA29B000929BFD /* InspectablePropertyView.swift */,
				A464D14326AA29B000929BFD /* InspectableView.swift */,
			);
			path = Inspectable;
			sourceTree = "<group>";
		};
		A464D14B26AA29B500929BFD /* InspectableProperties */ = {
			isa = PBXGroup;
			children = (
				A464D15126AA29C300929BFD /* BoolInspectableProperty.swift */,
				A464D14C26AA29C300929BFD /* ButtonActionInspectableProperty.swift */,
				A464D14E26AA29C300929BFD /* DateInspectableProperty.swift */,
				A464D14F26AA29C300929BFD /* DropdownInspectableProperty.swift */,
				A464D15226AA29C300929BFD /* IntInspectableProperty.swift */,
				A464D14D26AA29C300929BFD /* OptionalIntInspectableProperty.swift */,
				A464D15026AA29C300929BFD /* StringInspectableProperty.swift */,
			);
			path = InspectableProperties;
			sourceTree = "<group>";
		};
		A464D15A26AA29CA00929BFD /* InspectableViews */ = {
			isa = PBXGroup;
			children = (
				A464D15C26AA29D600929BFD /* Button+InspectableView.swift */,
				A464D15B26AA29D600929BFD /* ButtonRow+InspectableView.swift */,
				A464D16A26AA29D700929BFD /* ButtonStack+InspectableView.swift */,
				A464D17026AA29D800929BFD /* CalendarPicker+InspectableView.swift */,
				A464D16026AA29D600929BFD /* Dropdown+InspectableView.swift */,
				A464D17426AA29D800929BFD /* EntityAvatar+InspectableView.swift */,
				A464D17126AA29D800929BFD /* FilterChip+InspectableView.swift */,
				A464D16B26AA29D700929BFD /* Footer+InspectableView.swift */,
				A464D16526AA29D700929BFD /* IconButton+InspectableView.swift */,
				A464D16626AA29D700929BFD /* IconFloatingActionButton+InspectableView.swift */,
				A464D16F26AA29D800929BFD /* Label+InspectableView.swift */,
				A464D16926AA29D700929BFD /* LoaderDots+InspectableView.swift */,
				A464D15F26AA29D600929BFD /* Pill+InspectableView.swift */,
				A464D17226AA29D800929BFD /* PlaygroundColorView.swift */,
				A464D16C26AA29D700929BFD /* RadioStack + InspectableView.swift */,
				A464D15D26AA29D600929BFD /* RadioTableViewCell+InspectableView.swift */,
				A464D16126AA29D600929BFD /* ShadowCard+InspectableView.swift */,
				A464D16E26AA29D700929BFD /* TabBar+InspectableView.swift */,
				A464D17326AA29D800929BFD /* TextArea+InspectableView.swift */,
				A464D16726AA29D700929BFD /* TextFloatingActionButton+InspectableView.swift */,
				A464D16226AA29D600929BFD /* TextInput+InspectableView.swift */,
				A464D16D26AA29D700929BFD /* ToastWrapper+InspectableView.swift */,
				A464D15E26AA29D600929BFD /* ToggleChip+InspectableView.swift */,
				A464D16826AA29D700929BFD /* UserAvatar+InspectableView.swift */,
				E054328126F265D9004485B9 /* LabelCheckbox+InspectableView.swift */,
				E054328326F26611004485B9 /* Radio+InspectableView.swift */,
			);
			path = InspectableViews;
			sourceTree = "<group>";
		};
		A479A68226AB37E300D49C83 /* Assets */ = {
			isa = PBXGroup;
			children = (
				A464D09226AA1B1000929BFD /* Assets.xcassets */,
				A464D09426AA1B1000929BFD /* LaunchScreen.storyboard */,
			);
			path = Assets;
			sourceTree = "<group>";
		};
		A479A68326AB380400D49C83 /* Config */ = {
			isa = PBXGroup;
			children = (
				A464D09726AA1B1000929BFD /* Info.plist */,
			);
			path = Config;
			sourceTree = "<group>";
		};
		A479A68426AB381400D49C83 /* Classes */ = {
			isa = PBXGroup;
			children = (
				A464D08926AA1B0E00929BFD /* AppDelegate.swift */,
				A464D08B26AA1B0E00929BFD /* SceneDelegate.swift */,
				A464D11826AA25D500929BFD /* ComponentsListViewController.swift */,
				A464D11726AA25D500929BFD /* DraggableView.swift */,
				A464D11626AA25D500929BFD /* InspectorViewController.swift */,
				A479A68526AB381D00D49C83 /* main.swift */,
				A464D11526AA25D500929BFD /* PlaygroundViewController.swift */,
				A464D14226AA299A00929BFD /* Inspectable */,
			);
			path = Classes;
			sourceTree = "<group>";
		};
/* End PBXGroup section */

/* Begin PBXHeadersBuildPhase section */
		A464D0F826AA217800929BFD /* Headers */ = {
			isa = PBXHeadersBuildPhase;
			buildActionMask = 2147483647;
			files = (
			);
			runOnlyForDeploymentPostprocessing = 0;
		};
/* End PBXHeadersBuildPhase section */

/* Begin PBXNativeTarget section */
		080E7C5525F48A0E002DBE7B /* ThumbprintTests */ = {
			isa = PBXNativeTarget;
			buildConfigurationList = 080E7C6425F48A0E002DBE7B /* Build configuration list for PBXNativeTarget "ThumbprintTests" */;
			buildPhases = (
				080E7C5225F48A0E002DBE7B /* Sources */,
				080E7C5325F48A0E002DBE7B /* Frameworks */,
				080E7C5425F48A0E002DBE7B /* Resources */,
			);
			buildRules = (
			);
			dependencies = (
				0840CE8225FD536600C571AA /* PBXTargetDependency */,
			);
			name = ThumbprintTests;
			packageProductDependencies = (
			);
			productName = ThumbprintTests;
			productReference = 080E7C5625F48A0E002DBE7B /* ThumbprintTests.xctest */;
			productType = "com.apple.product-type.bundle.unit-test";
		};
		0840CE6925FD533E00C571AA /* TestsHostApp */ = {
			isa = PBXNativeTarget;
			buildConfigurationList = 0840CE7D25FD533F00C571AA /* Build configuration list for PBXNativeTarget "TestsHostApp" */;
			buildPhases = (
				0840CE6625FD533E00C571AA /* Sources */,
				0840CE6725FD533E00C571AA /* Frameworks */,
				0840CE6825FD533E00C571AA /* Resources */,
			);
			buildRules = (
			);
			dependencies = (
			);
			name = TestsHostApp;
			packageProductDependencies = (
			);
			productName = TestsHostApp;
			productReference = 0840CE6A25FD533E00C571AA /* TestsHostApp.app */;
			productType = "com.apple.product-type.application";
		};
		A464D08626AA1B0E00929BFD /* Playground */ = {
			isa = PBXNativeTarget;
			buildConfigurationList = A464D0B426AA1B1100929BFD /* Build configuration list for PBXNativeTarget "Playground" */;
			buildPhases = (
				A464D08326AA1B0E00929BFD /* Sources */,
				A464D08426AA1B0E00929BFD /* Frameworks */,
				A464D08526AA1B0E00929BFD /* Resources */,
				A464D10626AA217800929BFD /* Embed Frameworks */,
			);
			buildRules = (
			);
			dependencies = (
				A464D10326AA217800929BFD /* PBXTargetDependency */,
			);
			name = Playground;
			productName = Playground;
			productReference = A464D08726AA1B0E00929BFD /* Playground.app */;
			productType = "com.apple.product-type.application";
		};
		A464D09B26AA1B1100929BFD /* PlaygroundTests */ = {
			isa = PBXNativeTarget;
			buildConfigurationList = A464D0B526AA1B1100929BFD /* Build configuration list for PBXNativeTarget "PlaygroundTests" */;
			buildPhases = (
				A464D09826AA1B1100929BFD /* Sources */,
				A464D09926AA1B1100929BFD /* Frameworks */,
				A464D09A26AA1B1100929BFD /* Resources */,
			);
			buildRules = (
			);
			dependencies = (
				A464D09E26AA1B1100929BFD /* PBXTargetDependency */,
			);
			name = PlaygroundTests;
			productName = PlaygroundTests;
			productReference = A464D09C26AA1B1100929BFD /* PlaygroundTests.xctest */;
			productType = "com.apple.product-type.bundle.unit-test";
		};
		A464D0A626AA1B1100929BFD /* PlaygroundUITests */ = {
			isa = PBXNativeTarget;
			buildConfigurationList = A464D0B626AA1B1100929BFD /* Build configuration list for PBXNativeTarget "PlaygroundUITests" */;
			buildPhases = (
				A464D0A326AA1B1100929BFD /* Sources */,
				A464D0A426AA1B1100929BFD /* Frameworks */,
				A464D0A526AA1B1100929BFD /* Resources */,
			);
			buildRules = (
			);
			dependencies = (
				A464D0A926AA1B1100929BFD /* PBXTargetDependency */,
			);
			name = PlaygroundUITests;
			productName = PlaygroundUITests;
			productReference = A464D0A726AA1B1100929BFD /* PlaygroundUITests.xctest */;
			productType = "com.apple.product-type.bundle.ui-testing";
		};
		A464D0FC26AA217800929BFD /* ThumbprintPublicResources */ = {
			isa = PBXNativeTarget;
			buildConfigurationList = A464D10926AA217800929BFD /* Build configuration list for PBXNativeTarget "ThumbprintPublicResources" */;
			buildPhases = (
				A464D0F826AA217800929BFD /* Headers */,
				A464D0F926AA217800929BFD /* Sources */,
				A464D0FA26AA217800929BFD /* Frameworks */,
				A464D0FB26AA217800929BFD /* Resources */,
			);
			buildRules = (
			);
			dependencies = (
			);
			name = ThumbprintPublicResources;
			productName = ThumbprintPublicResources;
			productReference = A464D0FD26AA217800929BFD /* ThumbprintPublicResources.framework */;
			productType = "com.apple.product-type.framework";
		};
/* End PBXNativeTarget section */

/* Begin PBXProject section */
		080E7C4425F48A0E002DBE7B /* Project object */ = {
			isa = PBXProject;
			attributes = {
				LastSwiftUpdateCheck = 1250;
				LastUpgradeCheck = 1240;
				TargetAttributes = {
					080E7C5525F48A0E002DBE7B = {
						CreatedOnToolsVersion = 12.4;
						TestTargetID = 0840CE6925FD533E00C571AA;
					};
					0840CE6925FD533E00C571AA = {
						CreatedOnToolsVersion = 12.4;
					};
					A464D08626AA1B0E00929BFD = {
						CreatedOnToolsVersion = 12.5.1;
					};
					A464D09B26AA1B1100929BFD = {
						CreatedOnToolsVersion = 12.5.1;
						TestTargetID = A464D08626AA1B0E00929BFD;
					};
					A464D0A626AA1B1100929BFD = {
						CreatedOnToolsVersion = 12.5.1;
						TestTargetID = A464D08626AA1B0E00929BFD;
					};
					A464D0FC26AA217800929BFD = {
						CreatedOnToolsVersion = 12.5.1;
						LastSwiftMigration = 1250;
					};
				};
			};
			buildConfigurationList = 080E7C4725F48A0E002DBE7B /* Build configuration list for PBXProject "Thumbprint" */;
			compatibilityVersion = "Xcode 9.3";
			developmentRegion = en;
			hasScannedForEncodings = 0;
			knownRegions = (
				en,
				Base,
			);
			mainGroup = 080E7C4325F48A0E002DBE7B;
			packageReferences = (
				4E3C581929EF4EF500DAE906 /* XCRemoteSwiftPackageReference "SnapKit" */,
				4E3C581C29EF4F3300DAE906 /* XCRemoteSwiftPackageReference "TTCalendarPicker" */,
			);
			productRefGroup = 080E7C4E25F48A0E002DBE7B /* Products */;
			projectDirPath = "";
			projectRoot = "";
			targets = (
				080E7C5525F48A0E002DBE7B /* ThumbprintTests */,
				0840CE6925FD533E00C571AA /* TestsHostApp */,
				A464D08626AA1B0E00929BFD /* Playground */,
				A464D09B26AA1B1100929BFD /* PlaygroundTests */,
				A464D0A626AA1B1100929BFD /* PlaygroundUITests */,
				A464D0FC26AA217800929BFD /* ThumbprintPublicResources */,
			);
		};
/* End PBXProject section */

/* Begin PBXResourcesBuildPhase section */
		080E7C5425F48A0E002DBE7B /* Resources */ = {
			isa = PBXResourcesBuildPhase;
			buildActionMask = 2147483647;
			files = (
			);
			runOnlyForDeploymentPostprocessing = 0;
		};
		0840CE6825FD533E00C571AA /* Resources */ = {
			isa = PBXResourcesBuildPhase;
			buildActionMask = 2147483647;
			files = (
				0840CE7925FD533F00C571AA /* LaunchScreen.storyboard in Resources */,
				0840CE7625FD533F00C571AA /* Preview Assets.xcassets in Resources */,
				08C813E125FF08A2001F9DFE /* Icons.xcassets in Resources */,
				0840CE7325FD533F00C571AA /* Assets.xcassets in Resources */,
			);
			runOnlyForDeploymentPostprocessing = 0;
		};
		A464D08526AA1B0E00929BFD /* Resources */ = {
			isa = PBXResourcesBuildPhase;
			buildActionMask = 2147483647;
			files = (
				A464D09626AA1B1000929BFD /* LaunchScreen.storyboard in Resources */,
				A464D09326AA1B1000929BFD /* Assets.xcassets in Resources */,
			);
			runOnlyForDeploymentPostprocessing = 0;
		};
		A464D09A26AA1B1100929BFD /* Resources */ = {
			isa = PBXResourcesBuildPhase;
			buildActionMask = 2147483647;
			files = (
			);
			runOnlyForDeploymentPostprocessing = 0;
		};
		A464D0A526AA1B1100929BFD /* Resources */ = {
			isa = PBXResourcesBuildPhase;
			buildActionMask = 2147483647;
			files = (
			);
			runOnlyForDeploymentPostprocessing = 0;
		};
		A464D0FB26AA217800929BFD /* Resources */ = {
			isa = PBXResourcesBuildPhase;
			buildActionMask = 2147483647;
			files = (
			);
			runOnlyForDeploymentPostprocessing = 0;
		};
/* End PBXResourcesBuildPhase section */

/* Begin PBXSourcesBuildPhase section */
		080E7C5225F48A0E002DBE7B /* Sources */ = {
			isa = PBXSourcesBuildPhase;
			buildActionMask = 2147483647;
			files = (
			);
			runOnlyForDeploymentPostprocessing = 0;
		};
		0840CE6625FD533E00C571AA /* Sources */ = {
			isa = PBXSourcesBuildPhase;
			buildActionMask = 2147483647;
			files = (
				0840CE6D25FD533E00C571AA /* AppDelegate.swift in Sources */,
				0840CE6F25FD533E00C571AA /* SceneDelegate.swift in Sources */,
				08C813DA25FF089D001F9DFE /* Bundle+Testing.swift in Sources */,
				0840CE7125FD533E00C571AA /* ContentView.swift in Sources */,
			);
			runOnlyForDeploymentPostprocessing = 0;
		};
		A464D08326AA1B0E00929BFD /* Sources */ = {
			isa = PBXSourcesBuildPhase;
			buildActionMask = 2147483647;
			files = (
				A464D17526AA29D800929BFD /* ButtonRow+InspectableView.swift in Sources */,
				A464D18826AA29D800929BFD /* TabBar+InspectableView.swift in Sources */,
				A464D17926AA29D800929BFD /* Pill+InspectableView.swift in Sources */,
				A464D15726AA29C300929BFD /* StringInspectableProperty.swift in Sources */,
				A464D14A26AA29B000929BFD /* InspectableProperty.swift in Sources */,
				A464D18E26AA29D800929BFD /* EntityAvatar+InspectableView.swift in Sources */,
				E054328226F265D9004485B9 /* LabelCheckbox+InspectableView.swift in Sources */,
				A464D17B26AA29D800929BFD /* ShadowCard+InspectableView.swift in Sources */,
				A464D14926AA29B000929BFD /* InspectablePropertyView.swift in Sources */,
				A464D18A26AA29D800929BFD /* CalendarPicker+InspectableView.swift in Sources */,
				A464D11C26AA25D600929BFD /* DraggableView.swift in Sources */,
				A464D15626AA29C300929BFD /* DropdownInspectableProperty.swift in Sources */,
				A464D17826AA29D800929BFD /* ToggleChip+InspectableView.swift in Sources */,
				E054328426F26611004485B9 /* Radio+InspectableView.swift in Sources */,
				A464D15826AA29C300929BFD /* BoolInspectableProperty.swift in Sources */,
				A464D18D26AA29D800929BFD /* TextArea+InspectableView.swift in Sources */,
				A464D11B26AA25D600929BFD /* InspectorViewController.swift in Sources */,
				A464D17C26AA29D800929BFD /* TextInput+InspectableView.swift in Sources */,
				A464D18426AA29D800929BFD /* ButtonStack+InspectableView.swift in Sources */,
				A464D18926AA29D800929BFD /* Label+InspectableView.swift in Sources */,
				A479A75E26B0AC2600D49C83 /* main.swift in Sources */,
				A464D15326AA29C300929BFD /* ButtonActionInspectableProperty.swift in Sources */,
				A464D11D26AA25D600929BFD /* ComponentsListViewController.swift in Sources */,
				A464D18126AA29D800929BFD /* TextFloatingActionButton+InspectableView.swift in Sources */,
				A464D18626AA29D800929BFD /* RadioStack + InspectableView.swift in Sources */,
				A464D18B26AA29D800929BFD /* FilterChip+InspectableView.swift in Sources */,
				A464D18226AA29D800929BFD /* UserAvatar+InspectableView.swift in Sources */,
				A464D15526AA29C300929BFD /* DateInspectableProperty.swift in Sources */,
				A464D18726AA29D800929BFD /* ToastWrapper+InspectableView.swift in Sources */,
				A464D17A26AA29D800929BFD /* Dropdown+InspectableView.swift in Sources */,
				A464D11A26AA25D600929BFD /* PlaygroundViewController.swift in Sources */,
				A464D18C26AA29D800929BFD /* PlaygroundColorView.swift in Sources */,
				A464D18026AA29D800929BFD /* IconFloatingActionButton+InspectableView.swift in Sources */,
				A464D18526AA29D800929BFD /* Footer+InspectableView.swift in Sources */,
				A464D14826AA29B000929BFD /* InspectableBorderView.swift in Sources */,
				A464D18326AA29D800929BFD /* LoaderDots+InspectableView.swift in Sources */,
				A464D17F26AA29D800929BFD /* IconButton+InspectableView.swift in Sources */,
				A464D15426AA29C300929BFD /* OptionalIntInspectableProperty.swift in Sources */,
				A464D14726AA29B000929BFD /* InspectableView.swift in Sources */,
				A464D15926AA29C300929BFD /* IntInspectableProperty.swift in Sources */,
				A464D08A26AA1B0E00929BFD /* AppDelegate.swift in Sources */,
				A464D08C26AA1B0E00929BFD /* SceneDelegate.swift in Sources */,
				A464D17726AA29D800929BFD /* RadioTableViewCell+InspectableView.swift in Sources */,
				A464D17626AA29D800929BFD /* Button+InspectableView.swift in Sources */,
			);
			runOnlyForDeploymentPostprocessing = 0;
		};
		A464D09826AA1B1100929BFD /* Sources */ = {
			isa = PBXSourcesBuildPhase;
			buildActionMask = 2147483647;
			files = (
				A464D0A126AA1B1100929BFD /* PlaygroundTests.swift in Sources */,
			);
			runOnlyForDeploymentPostprocessing = 0;
		};
		A464D0A326AA1B1100929BFD /* Sources */ = {
			isa = PBXSourcesBuildPhase;
			buildActionMask = 2147483647;
			files = (
				A464D0AC26AA1B1100929BFD /* PlaygroundUITests.swift in Sources */,
			);
			runOnlyForDeploymentPostprocessing = 0;
		};
		A464D0F926AA217800929BFD /* Sources */ = {
			isa = PBXSourcesBuildPhase;
			buildActionMask = 2147483647;
			files = (
			);
			runOnlyForDeploymentPostprocessing = 0;
		};
/* End PBXSourcesBuildPhase section */

/* Begin PBXTargetDependency section */
		0840CE8225FD536600C571AA /* PBXTargetDependency */ = {
			isa = PBXTargetDependency;
			target = 0840CE6925FD533E00C571AA /* TestsHostApp */;
			targetProxy = 0840CE8125FD536600C571AA /* PBXContainerItemProxy */;
		};
		A464D09E26AA1B1100929BFD /* PBXTargetDependency */ = {
			isa = PBXTargetDependency;
			target = A464D08626AA1B0E00929BFD /* Playground */;
			targetProxy = A464D09D26AA1B1100929BFD /* PBXContainerItemProxy */;
		};
		A464D0A926AA1B1100929BFD /* PBXTargetDependency */ = {
			isa = PBXTargetDependency;
			target = A464D08626AA1B0E00929BFD /* Playground */;
			targetProxy = A464D0A826AA1B1100929BFD /* PBXContainerItemProxy */;
		};
		A464D10326AA217800929BFD /* PBXTargetDependency */ = {
			isa = PBXTargetDependency;
			target = A464D0FC26AA217800929BFD /* ThumbprintPublicResources */;
			targetProxy = A464D10226AA217800929BFD /* PBXContainerItemProxy */;
		};
/* End PBXTargetDependency section */

/* Begin PBXVariantGroup section */
		0840CE7725FD533F00C571AA /* LaunchScreen.storyboard */ = {
			isa = PBXVariantGroup;
			children = (
				0840CE7825FD533F00C571AA /* Base */,
			);
			name = LaunchScreen.storyboard;
			sourceTree = "<group>";
		};
		A464D09426AA1B1000929BFD /* LaunchScreen.storyboard */ = {
			isa = PBXVariantGroup;
			children = (
				A464D09526AA1B1000929BFD /* Base */,
			);
			name = LaunchScreen.storyboard;
			sourceTree = "<group>";
		};
/* End PBXVariantGroup section */

/* Begin XCBuildConfiguration section */
		080E7C5F25F48A0E002DBE7B /* Debug */ = {
			isa = XCBuildConfiguration;
			buildSettings = {
			};
			name = Debug;
		};
		080E7C6025F48A0E002DBE7B /* Release */ = {
			isa = XCBuildConfiguration;
			buildSettings = {
			};
			name = Release;
		};
		080E7C6525F48A0E002DBE7B /* Debug */ = {
			isa = XCBuildConfiguration;
			baseConfigurationReference = 080E7D5825F491F8002DBE7B /* ThumbprintTests-Debug.xcconfig */;
			buildSettings = {
			};
			name = Debug;
		};
		080E7C6625F48A0E002DBE7B /* Release */ = {
			isa = XCBuildConfiguration;
			baseConfigurationReference = 08C81A2E25F578CC0082FD2D /* ThumbprintTests-Release.xcconfig */;
			buildSettings = {
			};
			name = Release;
		};
		0840CE7B25FD533F00C571AA /* Debug */ = {
			isa = XCBuildConfiguration;
			baseConfigurationReference = 08C813F925FF093F001F9DFE /* TestsHostApp-Debug.xcconfig */;
			buildSettings = {
			};
			name = Debug;
		};
		0840CE7C25FD533F00C571AA /* Release */ = {
			isa = XCBuildConfiguration;
			baseConfigurationReference = 08C813F825FF093F001F9DFE /* TestsHostApp-Release.xcconfig */;
			buildSettings = {
			};
			name = Release;
		};
		A464D0AE26AA1B1100929BFD /* Debug */ = {
			isa = XCBuildConfiguration;
			buildSettings = {
				ALWAYS_SEARCH_USER_PATHS = NO;
				ASSETCATALOG_COMPILER_APPICON_NAME = AppIcon;
				ASSETCATALOG_COMPILER_GLOBAL_ACCENT_COLOR_NAME = AccentColor;
				CLANG_ANALYZER_NONNULL = YES;
				CLANG_ANALYZER_NUMBER_OBJECT_CONVERSION = YES_AGGRESSIVE;
				CLANG_CXX_LANGUAGE_STANDARD = "gnu++14";
				CLANG_CXX_LIBRARY = "libc++";
				CLANG_ENABLE_MODULES = YES;
				CLANG_ENABLE_OBJC_ARC = YES;
				CLANG_ENABLE_OBJC_WEAK = YES;
				CLANG_WARN_BLOCK_CAPTURE_AUTORELEASING = YES;
				CLANG_WARN_BOOL_CONVERSION = YES;
				CLANG_WARN_COMMA = YES;
				CLANG_WARN_CONSTANT_CONVERSION = YES;
				CLANG_WARN_DEPRECATED_OBJC_IMPLEMENTATIONS = YES;
				CLANG_WARN_DIRECT_OBJC_ISA_USAGE = YES_ERROR;
				CLANG_WARN_DOCUMENTATION_COMMENTS = YES;
				CLANG_WARN_EMPTY_BODY = YES;
				CLANG_WARN_ENUM_CONVERSION = YES;
				CLANG_WARN_INFINITE_RECURSION = YES;
				CLANG_WARN_INT_CONVERSION = YES;
				CLANG_WARN_NON_LITERAL_NULL_CONVERSION = YES;
				CLANG_WARN_OBJC_IMPLICIT_RETAIN_SELF = YES;
				CLANG_WARN_OBJC_LITERAL_CONVERSION = YES;
				CLANG_WARN_OBJC_ROOT_CLASS = YES_ERROR;
				CLANG_WARN_QUOTED_INCLUDE_IN_FRAMEWORK_HEADER = YES;
				CLANG_WARN_RANGE_LOOP_ANALYSIS = YES;
				CLANG_WARN_STRICT_PROTOTYPES = YES;
				CLANG_WARN_SUSPICIOUS_MOVE = YES;
				CLANG_WARN_UNGUARDED_AVAILABILITY = YES_AGGRESSIVE;
				CLANG_WARN_UNREACHABLE_CODE = YES;
				CLANG_WARN__DUPLICATE_METHOD_MATCH = YES;
				CODE_SIGN_STYLE = Automatic;
				COPY_PHASE_STRIP = NO;
				DEBUG_INFORMATION_FORMAT = dwarf;
				DEVELOPMENT_TEAM = 46NH2K3SY7;
				ENABLE_STRICT_OBJC_MSGSEND = YES;
				ENABLE_TESTABILITY = YES;
				GCC_C_LANGUAGE_STANDARD = gnu11;
				GCC_DYNAMIC_NO_PIC = NO;
				GCC_NO_COMMON_BLOCKS = YES;
				GCC_OPTIMIZATION_LEVEL = 0;
				GCC_PREPROCESSOR_DEFINITIONS = (
					"DEBUG=1",
					"$(inherited)",
				);
				GCC_WARN_64_TO_32_BIT_CONVERSION = YES;
				GCC_WARN_ABOUT_RETURN_TYPE = YES_ERROR;
				GCC_WARN_UNDECLARED_SELECTOR = YES;
				GCC_WARN_UNINITIALIZED_AUTOS = YES_AGGRESSIVE;
				GCC_WARN_UNUSED_FUNCTION = YES;
				GCC_WARN_UNUSED_VARIABLE = YES;
				INFOPLIST_FILE = Targets/Playground/Config/Info.plist;
				IPHONEOS_DEPLOYMENT_TARGET = 14.5;
				LD_RUNPATH_SEARCH_PATHS = (
					"$(inherited)",
					"@executable_path/Frameworks",
				);
				MTL_ENABLE_DEBUG_INFO = INCLUDE_SOURCE;
				MTL_FAST_MATH = YES;
				ONLY_ACTIVE_ARCH = YES;
				PRODUCT_BUNDLE_IDENTIFIER = com.thumbprint.Playground;
				PRODUCT_NAME = "$(TARGET_NAME)";
				SDKROOT = iphoneos;
				SWIFT_ACTIVE_COMPILATION_CONDITIONS = DEBUG;
				SWIFT_OPTIMIZATION_LEVEL = "-Onone";
				SWIFT_VERSION = 5.0;
				TARGETED_DEVICE_FAMILY = "1,2";
			};
			name = Debug;
		};
		A464D0AF26AA1B1100929BFD /* Release */ = {
			isa = XCBuildConfiguration;
			buildSettings = {
				ALWAYS_SEARCH_USER_PATHS = NO;
				ASSETCATALOG_COMPILER_APPICON_NAME = AppIcon;
				ASSETCATALOG_COMPILER_GLOBAL_ACCENT_COLOR_NAME = AccentColor;
				CLANG_ANALYZER_NONNULL = YES;
				CLANG_ANALYZER_NUMBER_OBJECT_CONVERSION = YES_AGGRESSIVE;
				CLANG_CXX_LANGUAGE_STANDARD = "gnu++14";
				CLANG_CXX_LIBRARY = "libc++";
				CLANG_ENABLE_MODULES = YES;
				CLANG_ENABLE_OBJC_ARC = YES;
				CLANG_ENABLE_OBJC_WEAK = YES;
				CLANG_WARN_BLOCK_CAPTURE_AUTORELEASING = YES;
				CLANG_WARN_BOOL_CONVERSION = YES;
				CLANG_WARN_COMMA = YES;
				CLANG_WARN_CONSTANT_CONVERSION = YES;
				CLANG_WARN_DEPRECATED_OBJC_IMPLEMENTATIONS = YES;
				CLANG_WARN_DIRECT_OBJC_ISA_USAGE = YES_ERROR;
				CLANG_WARN_DOCUMENTATION_COMMENTS = YES;
				CLANG_WARN_EMPTY_BODY = YES;
				CLANG_WARN_ENUM_CONVERSION = YES;
				CLANG_WARN_INFINITE_RECURSION = YES;
				CLANG_WARN_INT_CONVERSION = YES;
				CLANG_WARN_NON_LITERAL_NULL_CONVERSION = YES;
				CLANG_WARN_OBJC_IMPLICIT_RETAIN_SELF = YES;
				CLANG_WARN_OBJC_LITERAL_CONVERSION = YES;
				CLANG_WARN_OBJC_ROOT_CLASS = YES_ERROR;
				CLANG_WARN_QUOTED_INCLUDE_IN_FRAMEWORK_HEADER = YES;
				CLANG_WARN_RANGE_LOOP_ANALYSIS = YES;
				CLANG_WARN_STRICT_PROTOTYPES = YES;
				CLANG_WARN_SUSPICIOUS_MOVE = YES;
				CLANG_WARN_UNGUARDED_AVAILABILITY = YES_AGGRESSIVE;
				CLANG_WARN_UNREACHABLE_CODE = YES;
				CLANG_WARN__DUPLICATE_METHOD_MATCH = YES;
				CODE_SIGN_STYLE = Automatic;
				COPY_PHASE_STRIP = NO;
				DEBUG_INFORMATION_FORMAT = "dwarf-with-dsym";
				DEVELOPMENT_TEAM = 46NH2K3SY7;
				ENABLE_NS_ASSERTIONS = NO;
				ENABLE_STRICT_OBJC_MSGSEND = YES;
				GCC_C_LANGUAGE_STANDARD = gnu11;
				GCC_NO_COMMON_BLOCKS = YES;
				GCC_WARN_64_TO_32_BIT_CONVERSION = YES;
				GCC_WARN_ABOUT_RETURN_TYPE = YES_ERROR;
				GCC_WARN_UNDECLARED_SELECTOR = YES;
				GCC_WARN_UNINITIALIZED_AUTOS = YES_AGGRESSIVE;
				GCC_WARN_UNUSED_FUNCTION = YES;
				GCC_WARN_UNUSED_VARIABLE = YES;
				INFOPLIST_FILE = Targets/Playground/Config/Info.plist;
				IPHONEOS_DEPLOYMENT_TARGET = 14.5;
				LD_RUNPATH_SEARCH_PATHS = (
					"$(inherited)",
					"@executable_path/Frameworks",
				);
				MTL_ENABLE_DEBUG_INFO = NO;
				MTL_FAST_MATH = YES;
				PRODUCT_BUNDLE_IDENTIFIER = com.thumbprint.Playground;
				PRODUCT_NAME = "$(TARGET_NAME)";
				SDKROOT = iphoneos;
				SWIFT_COMPILATION_MODE = wholemodule;
				SWIFT_OPTIMIZATION_LEVEL = "-O";
				SWIFT_VERSION = 5.0;
				TARGETED_DEVICE_FAMILY = "1,2";
				VALIDATE_PRODUCT = YES;
			};
			name = Release;
		};
		A464D0B026AA1B1100929BFD /* Debug */ = {
			isa = XCBuildConfiguration;
			buildSettings = {
				ALWAYS_EMBED_SWIFT_STANDARD_LIBRARIES = YES;
				ALWAYS_SEARCH_USER_PATHS = NO;
				BUNDLE_LOADER = "$(TEST_HOST)";
				CLANG_ANALYZER_NONNULL = YES;
				CLANG_ANALYZER_NUMBER_OBJECT_CONVERSION = YES_AGGRESSIVE;
				CLANG_CXX_LANGUAGE_STANDARD = "gnu++14";
				CLANG_CXX_LIBRARY = "libc++";
				CLANG_ENABLE_MODULES = YES;
				CLANG_ENABLE_OBJC_ARC = YES;
				CLANG_ENABLE_OBJC_WEAK = YES;
				CLANG_WARN_BLOCK_CAPTURE_AUTORELEASING = YES;
				CLANG_WARN_BOOL_CONVERSION = YES;
				CLANG_WARN_COMMA = YES;
				CLANG_WARN_CONSTANT_CONVERSION = YES;
				CLANG_WARN_DEPRECATED_OBJC_IMPLEMENTATIONS = YES;
				CLANG_WARN_DIRECT_OBJC_ISA_USAGE = YES_ERROR;
				CLANG_WARN_DOCUMENTATION_COMMENTS = YES;
				CLANG_WARN_EMPTY_BODY = YES;
				CLANG_WARN_ENUM_CONVERSION = YES;
				CLANG_WARN_INFINITE_RECURSION = YES;
				CLANG_WARN_INT_CONVERSION = YES;
				CLANG_WARN_NON_LITERAL_NULL_CONVERSION = YES;
				CLANG_WARN_OBJC_IMPLICIT_RETAIN_SELF = YES;
				CLANG_WARN_OBJC_LITERAL_CONVERSION = YES;
				CLANG_WARN_OBJC_ROOT_CLASS = YES_ERROR;
				CLANG_WARN_QUOTED_INCLUDE_IN_FRAMEWORK_HEADER = YES;
				CLANG_WARN_RANGE_LOOP_ANALYSIS = YES;
				CLANG_WARN_STRICT_PROTOTYPES = YES;
				CLANG_WARN_SUSPICIOUS_MOVE = YES;
				CLANG_WARN_UNGUARDED_AVAILABILITY = YES_AGGRESSIVE;
				CLANG_WARN_UNREACHABLE_CODE = YES;
				CLANG_WARN__DUPLICATE_METHOD_MATCH = YES;
				CODE_SIGN_STYLE = Automatic;
				COPY_PHASE_STRIP = NO;
				DEBUG_INFORMATION_FORMAT = dwarf;
				DEVELOPMENT_TEAM = 46NH2K3SY7;
				ENABLE_STRICT_OBJC_MSGSEND = YES;
				ENABLE_TESTABILITY = YES;
				GCC_C_LANGUAGE_STANDARD = gnu11;
				GCC_DYNAMIC_NO_PIC = NO;
				GCC_NO_COMMON_BLOCKS = YES;
				GCC_OPTIMIZATION_LEVEL = 0;
				GCC_PREPROCESSOR_DEFINITIONS = (
					"DEBUG=1",
					"$(inherited)",
				);
				GCC_WARN_64_TO_32_BIT_CONVERSION = YES;
				GCC_WARN_ABOUT_RETURN_TYPE = YES_ERROR;
				GCC_WARN_UNDECLARED_SELECTOR = YES;
				GCC_WARN_UNINITIALIZED_AUTOS = YES_AGGRESSIVE;
				GCC_WARN_UNUSED_FUNCTION = YES;
				GCC_WARN_UNUSED_VARIABLE = YES;
				INFOPLIST_FILE = Targets/PlaygroundTests/Info.plist;
				IPHONEOS_DEPLOYMENT_TARGET = 14.5;
				LD_RUNPATH_SEARCH_PATHS = (
					"$(inherited)",
					"@executable_path/Frameworks",
					"@loader_path/Frameworks",
				);
				MTL_ENABLE_DEBUG_INFO = INCLUDE_SOURCE;
				MTL_FAST_MATH = YES;
				ONLY_ACTIVE_ARCH = YES;
				PRODUCT_BUNDLE_IDENTIFIER = com.thumbprint.PlaygroundTests;
				PRODUCT_NAME = "$(TARGET_NAME)";
				SDKROOT = iphoneos;
				SWIFT_ACTIVE_COMPILATION_CONDITIONS = DEBUG;
				SWIFT_OPTIMIZATION_LEVEL = "-Onone";
				SWIFT_VERSION = 5.0;
				TARGETED_DEVICE_FAMILY = "1,2";
				TEST_HOST = "$(BUILT_PRODUCTS_DIR)/Playground.app/Playground";
			};
			name = Debug;
		};
		A464D0B126AA1B1100929BFD /* Release */ = {
			isa = XCBuildConfiguration;
			buildSettings = {
				ALWAYS_EMBED_SWIFT_STANDARD_LIBRARIES = YES;
				ALWAYS_SEARCH_USER_PATHS = NO;
				BUNDLE_LOADER = "$(TEST_HOST)";
				CLANG_ANALYZER_NONNULL = YES;
				CLANG_ANALYZER_NUMBER_OBJECT_CONVERSION = YES_AGGRESSIVE;
				CLANG_CXX_LANGUAGE_STANDARD = "gnu++14";
				CLANG_CXX_LIBRARY = "libc++";
				CLANG_ENABLE_MODULES = YES;
				CLANG_ENABLE_OBJC_ARC = YES;
				CLANG_ENABLE_OBJC_WEAK = YES;
				CLANG_WARN_BLOCK_CAPTURE_AUTORELEASING = YES;
				CLANG_WARN_BOOL_CONVERSION = YES;
				CLANG_WARN_COMMA = YES;
				CLANG_WARN_CONSTANT_CONVERSION = YES;
				CLANG_WARN_DEPRECATED_OBJC_IMPLEMENTATIONS = YES;
				CLANG_WARN_DIRECT_OBJC_ISA_USAGE = YES_ERROR;
				CLANG_WARN_DOCUMENTATION_COMMENTS = YES;
				CLANG_WARN_EMPTY_BODY = YES;
				CLANG_WARN_ENUM_CONVERSION = YES;
				CLANG_WARN_INFINITE_RECURSION = YES;
				CLANG_WARN_INT_CONVERSION = YES;
				CLANG_WARN_NON_LITERAL_NULL_CONVERSION = YES;
				CLANG_WARN_OBJC_IMPLICIT_RETAIN_SELF = YES;
				CLANG_WARN_OBJC_LITERAL_CONVERSION = YES;
				CLANG_WARN_OBJC_ROOT_CLASS = YES_ERROR;
				CLANG_WARN_QUOTED_INCLUDE_IN_FRAMEWORK_HEADER = YES;
				CLANG_WARN_RANGE_LOOP_ANALYSIS = YES;
				CLANG_WARN_STRICT_PROTOTYPES = YES;
				CLANG_WARN_SUSPICIOUS_MOVE = YES;
				CLANG_WARN_UNGUARDED_AVAILABILITY = YES_AGGRESSIVE;
				CLANG_WARN_UNREACHABLE_CODE = YES;
				CLANG_WARN__DUPLICATE_METHOD_MATCH = YES;
				CODE_SIGN_STYLE = Automatic;
				COPY_PHASE_STRIP = NO;
				DEBUG_INFORMATION_FORMAT = "dwarf-with-dsym";
				DEVELOPMENT_TEAM = 46NH2K3SY7;
				ENABLE_NS_ASSERTIONS = NO;
				ENABLE_STRICT_OBJC_MSGSEND = YES;
				GCC_C_LANGUAGE_STANDARD = gnu11;
				GCC_NO_COMMON_BLOCKS = YES;
				GCC_WARN_64_TO_32_BIT_CONVERSION = YES;
				GCC_WARN_ABOUT_RETURN_TYPE = YES_ERROR;
				GCC_WARN_UNDECLARED_SELECTOR = YES;
				GCC_WARN_UNINITIALIZED_AUTOS = YES_AGGRESSIVE;
				GCC_WARN_UNUSED_FUNCTION = YES;
				GCC_WARN_UNUSED_VARIABLE = YES;
				INFOPLIST_FILE = Targets/PlaygroundTests/Info.plist;
				IPHONEOS_DEPLOYMENT_TARGET = 14.5;
				LD_RUNPATH_SEARCH_PATHS = (
					"$(inherited)",
					"@executable_path/Frameworks",
					"@loader_path/Frameworks",
				);
				MTL_ENABLE_DEBUG_INFO = NO;
				MTL_FAST_MATH = YES;
				PRODUCT_BUNDLE_IDENTIFIER = com.thumbprint.PlaygroundTests;
				PRODUCT_NAME = "$(TARGET_NAME)";
				SDKROOT = iphoneos;
				SWIFT_COMPILATION_MODE = wholemodule;
				SWIFT_OPTIMIZATION_LEVEL = "-O";
				SWIFT_VERSION = 5.0;
				TARGETED_DEVICE_FAMILY = "1,2";
				TEST_HOST = "$(BUILT_PRODUCTS_DIR)/Playground.app/Playground";
				VALIDATE_PRODUCT = YES;
			};
			name = Release;
		};
		A464D0B226AA1B1100929BFD /* Debug */ = {
			isa = XCBuildConfiguration;
			buildSettings = {
				ALWAYS_EMBED_SWIFT_STANDARD_LIBRARIES = YES;
				ALWAYS_SEARCH_USER_PATHS = NO;
				CLANG_ANALYZER_NONNULL = YES;
				CLANG_ANALYZER_NUMBER_OBJECT_CONVERSION = YES_AGGRESSIVE;
				CLANG_CXX_LANGUAGE_STANDARD = "gnu++14";
				CLANG_CXX_LIBRARY = "libc++";
				CLANG_ENABLE_MODULES = YES;
				CLANG_ENABLE_OBJC_ARC = YES;
				CLANG_ENABLE_OBJC_WEAK = YES;
				CLANG_WARN_BLOCK_CAPTURE_AUTORELEASING = YES;
				CLANG_WARN_BOOL_CONVERSION = YES;
				CLANG_WARN_COMMA = YES;
				CLANG_WARN_CONSTANT_CONVERSION = YES;
				CLANG_WARN_DEPRECATED_OBJC_IMPLEMENTATIONS = YES;
				CLANG_WARN_DIRECT_OBJC_ISA_USAGE = YES_ERROR;
				CLANG_WARN_DOCUMENTATION_COMMENTS = YES;
				CLANG_WARN_EMPTY_BODY = YES;
				CLANG_WARN_ENUM_CONVERSION = YES;
				CLANG_WARN_INFINITE_RECURSION = YES;
				CLANG_WARN_INT_CONVERSION = YES;
				CLANG_WARN_NON_LITERAL_NULL_CONVERSION = YES;
				CLANG_WARN_OBJC_IMPLICIT_RETAIN_SELF = YES;
				CLANG_WARN_OBJC_LITERAL_CONVERSION = YES;
				CLANG_WARN_OBJC_ROOT_CLASS = YES_ERROR;
				CLANG_WARN_QUOTED_INCLUDE_IN_FRAMEWORK_HEADER = YES;
				CLANG_WARN_RANGE_LOOP_ANALYSIS = YES;
				CLANG_WARN_STRICT_PROTOTYPES = YES;
				CLANG_WARN_SUSPICIOUS_MOVE = YES;
				CLANG_WARN_UNGUARDED_AVAILABILITY = YES_AGGRESSIVE;
				CLANG_WARN_UNREACHABLE_CODE = YES;
				CLANG_WARN__DUPLICATE_METHOD_MATCH = YES;
				CODE_SIGN_STYLE = Automatic;
				COPY_PHASE_STRIP = NO;
				DEBUG_INFORMATION_FORMAT = dwarf;
				DEVELOPMENT_TEAM = 46NH2K3SY7;
				ENABLE_STRICT_OBJC_MSGSEND = YES;
				ENABLE_TESTABILITY = YES;
				GCC_C_LANGUAGE_STANDARD = gnu11;
				GCC_DYNAMIC_NO_PIC = NO;
				GCC_NO_COMMON_BLOCKS = YES;
				GCC_OPTIMIZATION_LEVEL = 0;
				GCC_PREPROCESSOR_DEFINITIONS = (
					"DEBUG=1",
					"$(inherited)",
				);
				GCC_WARN_64_TO_32_BIT_CONVERSION = YES;
				GCC_WARN_ABOUT_RETURN_TYPE = YES_ERROR;
				GCC_WARN_UNDECLARED_SELECTOR = YES;
				GCC_WARN_UNINITIALIZED_AUTOS = YES_AGGRESSIVE;
				GCC_WARN_UNUSED_FUNCTION = YES;
				GCC_WARN_UNUSED_VARIABLE = YES;
				INFOPLIST_FILE = Targets/PlaygroundUITests/Info.plist;
				IPHONEOS_DEPLOYMENT_TARGET = 14.5;
				LD_RUNPATH_SEARCH_PATHS = (
					"$(inherited)",
					"@executable_path/Frameworks",
					"@loader_path/Frameworks",
				);
				MTL_ENABLE_DEBUG_INFO = INCLUDE_SOURCE;
				MTL_FAST_MATH = YES;
				ONLY_ACTIVE_ARCH = YES;
				PRODUCT_BUNDLE_IDENTIFIER = com.thumbprint.PlaygroundUITests;
				PRODUCT_NAME = "$(TARGET_NAME)";
				SDKROOT = iphoneos;
				SWIFT_ACTIVE_COMPILATION_CONDITIONS = DEBUG;
				SWIFT_OPTIMIZATION_LEVEL = "-Onone";
				SWIFT_VERSION = 5.0;
				TARGETED_DEVICE_FAMILY = "1,2";
				TEST_TARGET_NAME = Playground;
			};
			name = Debug;
		};
		A464D0B326AA1B1100929BFD /* Release */ = {
			isa = XCBuildConfiguration;
			buildSettings = {
				ALWAYS_EMBED_SWIFT_STANDARD_LIBRARIES = YES;
				ALWAYS_SEARCH_USER_PATHS = NO;
				CLANG_ANALYZER_NONNULL = YES;
				CLANG_ANALYZER_NUMBER_OBJECT_CONVERSION = YES_AGGRESSIVE;
				CLANG_CXX_LANGUAGE_STANDARD = "gnu++14";
				CLANG_CXX_LIBRARY = "libc++";
				CLANG_ENABLE_MODULES = YES;
				CLANG_ENABLE_OBJC_ARC = YES;
				CLANG_ENABLE_OBJC_WEAK = YES;
				CLANG_WARN_BLOCK_CAPTURE_AUTORELEASING = YES;
				CLANG_WARN_BOOL_CONVERSION = YES;
				CLANG_WARN_COMMA = YES;
				CLANG_WARN_CONSTANT_CONVERSION = YES;
				CLANG_WARN_DEPRECATED_OBJC_IMPLEMENTATIONS = YES;
				CLANG_WARN_DIRECT_OBJC_ISA_USAGE = YES_ERROR;
				CLANG_WARN_DOCUMENTATION_COMMENTS = YES;
				CLANG_WARN_EMPTY_BODY = YES;
				CLANG_WARN_ENUM_CONVERSION = YES;
				CLANG_WARN_INFINITE_RECURSION = YES;
				CLANG_WARN_INT_CONVERSION = YES;
				CLANG_WARN_NON_LITERAL_NULL_CONVERSION = YES;
				CLANG_WARN_OBJC_IMPLICIT_RETAIN_SELF = YES;
				CLANG_WARN_OBJC_LITERAL_CONVERSION = YES;
				CLANG_WARN_OBJC_ROOT_CLASS = YES_ERROR;
				CLANG_WARN_QUOTED_INCLUDE_IN_FRAMEWORK_HEADER = YES;
				CLANG_WARN_RANGE_LOOP_ANALYSIS = YES;
				CLANG_WARN_STRICT_PROTOTYPES = YES;
				CLANG_WARN_SUSPICIOUS_MOVE = YES;
				CLANG_WARN_UNGUARDED_AVAILABILITY = YES_AGGRESSIVE;
				CLANG_WARN_UNREACHABLE_CODE = YES;
				CLANG_WARN__DUPLICATE_METHOD_MATCH = YES;
				CODE_SIGN_STYLE = Automatic;
				COPY_PHASE_STRIP = NO;
				DEBUG_INFORMATION_FORMAT = "dwarf-with-dsym";
				DEVELOPMENT_TEAM = 46NH2K3SY7;
				ENABLE_NS_ASSERTIONS = NO;
				ENABLE_STRICT_OBJC_MSGSEND = YES;
				GCC_C_LANGUAGE_STANDARD = gnu11;
				GCC_NO_COMMON_BLOCKS = YES;
				GCC_WARN_64_TO_32_BIT_CONVERSION = YES;
				GCC_WARN_ABOUT_RETURN_TYPE = YES_ERROR;
				GCC_WARN_UNDECLARED_SELECTOR = YES;
				GCC_WARN_UNINITIALIZED_AUTOS = YES_AGGRESSIVE;
				GCC_WARN_UNUSED_FUNCTION = YES;
				GCC_WARN_UNUSED_VARIABLE = YES;
				INFOPLIST_FILE = Targets/PlaygroundUITests/Info.plist;
				IPHONEOS_DEPLOYMENT_TARGET = 14.5;
				LD_RUNPATH_SEARCH_PATHS = (
					"$(inherited)",
					"@executable_path/Frameworks",
					"@loader_path/Frameworks",
				);
				MTL_ENABLE_DEBUG_INFO = NO;
				MTL_FAST_MATH = YES;
				PRODUCT_BUNDLE_IDENTIFIER = com.thumbprint.PlaygroundUITests;
				PRODUCT_NAME = "$(TARGET_NAME)";
				SDKROOT = iphoneos;
				SWIFT_COMPILATION_MODE = wholemodule;
				SWIFT_OPTIMIZATION_LEVEL = "-O";
				SWIFT_VERSION = 5.0;
				TARGETED_DEVICE_FAMILY = "1,2";
				TEST_TARGET_NAME = Playground;
				VALIDATE_PRODUCT = YES;
			};
			name = Release;
		};
		A464D10726AA217800929BFD /* Debug */ = {
			isa = XCBuildConfiguration;
			buildSettings = {
				ALWAYS_SEARCH_USER_PATHS = NO;
				CLANG_ANALYZER_NONNULL = YES;
				CLANG_ANALYZER_NUMBER_OBJECT_CONVERSION = YES_AGGRESSIVE;
				CLANG_CXX_LANGUAGE_STANDARD = "gnu++14";
				CLANG_CXX_LIBRARY = "libc++";
				CLANG_ENABLE_MODULES = YES;
				CLANG_ENABLE_OBJC_ARC = YES;
				CLANG_ENABLE_OBJC_WEAK = YES;
				CLANG_WARN_BLOCK_CAPTURE_AUTORELEASING = YES;
				CLANG_WARN_BOOL_CONVERSION = YES;
				CLANG_WARN_COMMA = YES;
				CLANG_WARN_CONSTANT_CONVERSION = YES;
				CLANG_WARN_DEPRECATED_OBJC_IMPLEMENTATIONS = YES;
				CLANG_WARN_DIRECT_OBJC_ISA_USAGE = YES_ERROR;
				CLANG_WARN_DOCUMENTATION_COMMENTS = YES;
				CLANG_WARN_EMPTY_BODY = YES;
				CLANG_WARN_ENUM_CONVERSION = YES;
				CLANG_WARN_INFINITE_RECURSION = YES;
				CLANG_WARN_INT_CONVERSION = YES;
				CLANG_WARN_NON_LITERAL_NULL_CONVERSION = YES;
				CLANG_WARN_OBJC_IMPLICIT_RETAIN_SELF = YES;
				CLANG_WARN_OBJC_LITERAL_CONVERSION = YES;
				CLANG_WARN_OBJC_ROOT_CLASS = YES_ERROR;
				CLANG_WARN_QUOTED_INCLUDE_IN_FRAMEWORK_HEADER = YES;
				CLANG_WARN_RANGE_LOOP_ANALYSIS = YES;
				CLANG_WARN_STRICT_PROTOTYPES = YES;
				CLANG_WARN_SUSPICIOUS_MOVE = YES;
				CLANG_WARN_UNGUARDED_AVAILABILITY = YES_AGGRESSIVE;
				CLANG_WARN_UNREACHABLE_CODE = YES;
				CLANG_WARN__DUPLICATE_METHOD_MATCH = YES;
				CODE_SIGN_STYLE = Automatic;
				COPY_PHASE_STRIP = NO;
				CURRENT_PROJECT_VERSION = 1;
				DEBUG_INFORMATION_FORMAT = dwarf;
				DEFINES_MODULE = YES;
				DEVELOPMENT_TEAM = 46NH2K3SY7;
				DYLIB_COMPATIBILITY_VERSION = 1;
				DYLIB_CURRENT_VERSION = 1;
				DYLIB_INSTALL_NAME_BASE = "@rpath";
				ENABLE_STRICT_OBJC_MSGSEND = YES;
				ENABLE_TESTABILITY = YES;
				GCC_C_LANGUAGE_STANDARD = gnu11;
				GCC_DYNAMIC_NO_PIC = NO;
				GCC_NO_COMMON_BLOCKS = YES;
				GCC_OPTIMIZATION_LEVEL = 0;
				GCC_PREPROCESSOR_DEFINITIONS = (
					"DEBUG=1",
					"$(inherited)",
				);
				GCC_WARN_64_TO_32_BIT_CONVERSION = YES;
				GCC_WARN_ABOUT_RETURN_TYPE = YES_ERROR;
				GCC_WARN_UNDECLARED_SELECTOR = YES;
				GCC_WARN_UNINITIALIZED_AUTOS = YES_AGGRESSIVE;
				GCC_WARN_UNUSED_FUNCTION = YES;
				GCC_WARN_UNUSED_VARIABLE = YES;
				INFOPLIST_FILE = Targets/ThumbprintPublicResources/Config/Info.plist;
				INSTALL_PATH = "$(LOCAL_LIBRARY_DIR)/Frameworks";
				IPHONEOS_DEPLOYMENT_TARGET = 14.5;
				LD_RUNPATH_SEARCH_PATHS = (
					"$(inherited)",
					"@executable_path/Frameworks",
					"@loader_path/Frameworks",
				);
				MARKETING_VERSION = 1.0;
				MTL_ENABLE_DEBUG_INFO = INCLUDE_SOURCE;
				MTL_FAST_MATH = YES;
				ONLY_ACTIVE_ARCH = YES;
				PRODUCT_BUNDLE_IDENTIFIER = com.thumbprint.ThumbprintPublicResources;
				PRODUCT_NAME = "$(TARGET_NAME:c99extidentifier)";
				SDKROOT = iphoneos;
				SKIP_INSTALL = YES;
				SWIFT_ACTIVE_COMPILATION_CONDITIONS = DEBUG;
				SWIFT_OPTIMIZATION_LEVEL = "-Onone";
				SWIFT_VERSION = 5.0;
				TARGETED_DEVICE_FAMILY = "1,2";
				VERSIONING_SYSTEM = "apple-generic";
				VERSION_INFO_PREFIX = "";
			};
			name = Debug;
		};
		A464D10826AA217800929BFD /* Release */ = {
			isa = XCBuildConfiguration;
			buildSettings = {
				ALWAYS_SEARCH_USER_PATHS = NO;
				CLANG_ANALYZER_NONNULL = YES;
				CLANG_ANALYZER_NUMBER_OBJECT_CONVERSION = YES_AGGRESSIVE;
				CLANG_CXX_LANGUAGE_STANDARD = "gnu++14";
				CLANG_CXX_LIBRARY = "libc++";
				CLANG_ENABLE_MODULES = YES;
				CLANG_ENABLE_OBJC_ARC = YES;
				CLANG_ENABLE_OBJC_WEAK = YES;
				CLANG_WARN_BLOCK_CAPTURE_AUTORELEASING = YES;
				CLANG_WARN_BOOL_CONVERSION = YES;
				CLANG_WARN_COMMA = YES;
				CLANG_WARN_CONSTANT_CONVERSION = YES;
				CLANG_WARN_DEPRECATED_OBJC_IMPLEMENTATIONS = YES;
				CLANG_WARN_DIRECT_OBJC_ISA_USAGE = YES_ERROR;
				CLANG_WARN_DOCUMENTATION_COMMENTS = YES;
				CLANG_WARN_EMPTY_BODY = YES;
				CLANG_WARN_ENUM_CONVERSION = YES;
				CLANG_WARN_INFINITE_RECURSION = YES;
				CLANG_WARN_INT_CONVERSION = YES;
				CLANG_WARN_NON_LITERAL_NULL_CONVERSION = YES;
				CLANG_WARN_OBJC_IMPLICIT_RETAIN_SELF = YES;
				CLANG_WARN_OBJC_LITERAL_CONVERSION = YES;
				CLANG_WARN_OBJC_ROOT_CLASS = YES_ERROR;
				CLANG_WARN_QUOTED_INCLUDE_IN_FRAMEWORK_HEADER = YES;
				CLANG_WARN_RANGE_LOOP_ANALYSIS = YES;
				CLANG_WARN_STRICT_PROTOTYPES = YES;
				CLANG_WARN_SUSPICIOUS_MOVE = YES;
				CLANG_WARN_UNGUARDED_AVAILABILITY = YES_AGGRESSIVE;
				CLANG_WARN_UNREACHABLE_CODE = YES;
				CLANG_WARN__DUPLICATE_METHOD_MATCH = YES;
				CODE_SIGN_STYLE = Automatic;
				COPY_PHASE_STRIP = NO;
				CURRENT_PROJECT_VERSION = 1;
				DEBUG_INFORMATION_FORMAT = "dwarf-with-dsym";
				DEFINES_MODULE = YES;
				DEVELOPMENT_TEAM = 46NH2K3SY7;
				DYLIB_COMPATIBILITY_VERSION = 1;
				DYLIB_CURRENT_VERSION = 1;
				DYLIB_INSTALL_NAME_BASE = "@rpath";
				ENABLE_NS_ASSERTIONS = NO;
				ENABLE_STRICT_OBJC_MSGSEND = YES;
				GCC_C_LANGUAGE_STANDARD = gnu11;
				GCC_NO_COMMON_BLOCKS = YES;
				GCC_WARN_64_TO_32_BIT_CONVERSION = YES;
				GCC_WARN_ABOUT_RETURN_TYPE = YES_ERROR;
				GCC_WARN_UNDECLARED_SELECTOR = YES;
				GCC_WARN_UNINITIALIZED_AUTOS = YES_AGGRESSIVE;
				GCC_WARN_UNUSED_FUNCTION = YES;
				GCC_WARN_UNUSED_VARIABLE = YES;
				INFOPLIST_FILE = Targets/ThumbprintPublicResources/Config/Info.plist;
				INSTALL_PATH = "$(LOCAL_LIBRARY_DIR)/Frameworks";
				IPHONEOS_DEPLOYMENT_TARGET = 14.5;
				LD_RUNPATH_SEARCH_PATHS = (
					"$(inherited)",
					"@executable_path/Frameworks",
					"@loader_path/Frameworks",
				);
				MARKETING_VERSION = 1.0;
				MTL_ENABLE_DEBUG_INFO = NO;
				MTL_FAST_MATH = YES;
				PRODUCT_BUNDLE_IDENTIFIER = com.thumbprint.ThumbprintPublicResources;
				PRODUCT_NAME = "$(TARGET_NAME:c99extidentifier)";
				SDKROOT = iphoneos;
				SKIP_INSTALL = YES;
				SWIFT_COMPILATION_MODE = wholemodule;
				SWIFT_OPTIMIZATION_LEVEL = "-O";
				SWIFT_VERSION = 5.0;
				TARGETED_DEVICE_FAMILY = "1,2";
				VALIDATE_PRODUCT = YES;
				VERSIONING_SYSTEM = "apple-generic";
				VERSION_INFO_PREFIX = "";
			};
			name = Release;
		};
/* End XCBuildConfiguration section */

/* Begin XCConfigurationList section */
		080E7C4725F48A0E002DBE7B /* Build configuration list for PBXProject "Thumbprint" */ = {
			isa = XCConfigurationList;
			buildConfigurations = (
				080E7C5F25F48A0E002DBE7B /* Debug */,
				080E7C6025F48A0E002DBE7B /* Release */,
			);
			defaultConfigurationIsVisible = 0;
			defaultConfigurationName = Release;
		};
		080E7C6425F48A0E002DBE7B /* Build configuration list for PBXNativeTarget "ThumbprintTests" */ = {
			isa = XCConfigurationList;
			buildConfigurations = (
				080E7C6525F48A0E002DBE7B /* Debug */,
				080E7C6625F48A0E002DBE7B /* Release */,
			);
			defaultConfigurationIsVisible = 0;
			defaultConfigurationName = Release;
		};
		0840CE7D25FD533F00C571AA /* Build configuration list for PBXNativeTarget "TestsHostApp" */ = {
			isa = XCConfigurationList;
			buildConfigurations = (
				0840CE7B25FD533F00C571AA /* Debug */,
				0840CE7C25FD533F00C571AA /* Release */,
			);
			defaultConfigurationIsVisible = 0;
			defaultConfigurationName = Release;
		};
		A464D0B426AA1B1100929BFD /* Build configuration list for PBXNativeTarget "Playground" */ = {
			isa = XCConfigurationList;
			buildConfigurations = (
				A464D0AE26AA1B1100929BFD /* Debug */,
				A464D0AF26AA1B1100929BFD /* Release */,
			);
			defaultConfigurationIsVisible = 0;
			defaultConfigurationName = Release;
		};
		A464D0B526AA1B1100929BFD /* Build configuration list for PBXNativeTarget "PlaygroundTests" */ = {
			isa = XCConfigurationList;
			buildConfigurations = (
				A464D0B026AA1B1100929BFD /* Debug */,
				A464D0B126AA1B1100929BFD /* Release */,
			);
			defaultConfigurationIsVisible = 0;
			defaultConfigurationName = Release;
		};
		A464D0B626AA1B1100929BFD /* Build configuration list for PBXNativeTarget "PlaygroundUITests" */ = {
			isa = XCConfigurationList;
			buildConfigurations = (
				A464D0B226AA1B1100929BFD /* Debug */,
				A464D0B326AA1B1100929BFD /* Release */,
			);
			defaultConfigurationIsVisible = 0;
			defaultConfigurationName = Release;
		};
		A464D10926AA217800929BFD /* Build configuration list for PBXNativeTarget "ThumbprintPublicResources" */ = {
			isa = XCConfigurationList;
			buildConfigurations = (
				A464D10726AA217800929BFD /* Debug */,
				A464D10826AA217800929BFD /* Release */,
			);
			defaultConfigurationIsVisible = 0;
			defaultConfigurationName = Release;
		};
/* End XCConfigurationList section */

/* Begin XCRemoteSwiftPackageReference section */
		4E3C581929EF4EF500DAE906 /* XCRemoteSwiftPackageReference "SnapKit" */ = {
			isa = XCRemoteSwiftPackageReference;
			repositoryURL = "https://github.com/SnapKit/SnapKit.git";
			requirement = {
				kind = exactVersion;
				version = 5.6.0;
			};
		};
		4E3C581C29EF4F3300DAE906 /* XCRemoteSwiftPackageReference "TTCalendarPicker" */ = {
			isa = XCRemoteSwiftPackageReference;
			repositoryURL = "https://github.com/thumbtack/TTCalendarPicker.git";
			requirement = {
				kind = exactVersion;
				version = 0.2.0;
			};
		};
/* End XCRemoteSwiftPackageReference section */
	};
	rootObject = 080E7C4425F48A0E002DBE7B /* Project object */;
}
